{
  "version": 4,
  "terraform_version": "1.13.2",
  "serial": 546,
  "lineage": "79fc2dd3-4008-a6d8-24ca-6ad73ca4c4a8",
  "outputs": {
    "cluster_endpoint": {
      "value": "https://33216F340EF36D03E6A8A94D9FD020B3.gr7.eu-central-1.eks.amazonaws.com",
      "type": "string"
    },
    "cluster_name": {
      "value": "cs3-nca-eks",
      "type": "string"
    },
    "dynamodb_table_name": {
      "value": "cs3-nca-employees",
      "type": "string"
    },
    "employee_password_table_name": {
      "value": "cs3-nca-employee-passwords",
      "type": "string"
    },
    "management_instance_id": {
      "value": "i-00664a0511e19665e",
      "type": "string"
    },
    "public_subnet_a_id": {
      "value": "subnet-0dfe8d5be71fddf31",
      "type": "string"
    },
    "public_subnet_b_id": {
      "value": "subnet-09ca9f80f78655706",
      "type": "string"
    },
    "s3_bucket": {
      "value": "cs1-terraform-state-anouar",
      "type": "string"
    },
    "sqs_queue_url": {
      "value": "https://sqs.eu-central-1.amazonaws.com/288761763515/cs3-nca-onboarding-queue",
      "type": "string"
    },
    "vpc_id": {
      "value": "vpc-040596582b76660f4",
      "type": "string"
    },
    "worker_security_group_id": {
      "value": "sg-079b9be6f110c0ab7",
      "type": "string"
    },
    "workspaces_bundle_id": {
      "value": "wsb-gk1wpk43z",
      "type": "string",
      "sensitive": true
    },
    "workspaces_directory_id": {
      "value": "d-99674198e9",
      "type": "string"
    },
    "workspaces_subnet_ids": {
      "value": "subnet-020c05c9ddb4354f9,subnet-02e608ced5e035512",
      "type": "string",
      "sensitive": true
    }
  },
  "resources": [
    {
      "mode": "data",
      "type": "aws_ami",
      "name": "windows",
      "provider": "provider[\"registry.terraform.io/hashicorp/aws\"]",
      "instances": [
        {
          "schema_version": 0,
          "attributes": {
            "architecture": "x86_64",
            "arn": "arn:aws:ec2:eu-central-1::image/ami-032c954118df38cd0",
            "block_device_mappings": [
              {
                "device_name": "/dev/sda1",
                "ebs": {
                  "delete_on_termination": "true",
                  "encrypted": "false",
                  "iops": "0",
                  "snapshot_id": "snap-0edc08540cf4f70b0",
                  "throughput": "0",
                  "volume_initialization_rate": "0",
                  "volume_size": "30",
                  "volume_type": "gp2"
                },
                "no_device": "",
                "virtual_name": ""
              },
              {
                "device_name": "xvdca",
                "ebs": {},
                "no_device": "",
                "virtual_name": "ephemeral0"
              },
              {
                "device_name": "xvdcb",
                "ebs": {},
                "no_device": "",
                "virtual_name": "ephemeral1"
              },
              {
                "device_name": "xvdcc",
                "ebs": {},
                "no_device": "",
                "virtual_name": "ephemeral2"
              },
              {
                "device_name": "xvdcd",
                "ebs": {},
                "no_device": "",
                "virtual_name": "ephemeral3"
              },
              {
                "device_name": "xvdce",
                "ebs": {},
                "no_device": "",
                "virtual_name": "ephemeral4"
              },
              {
                "device_name": "xvdcf",
                "ebs": {},
                "no_device": "",
                "virtual_name": "ephemeral5"
              },
              {
                "device_name": "xvdcg",
                "ebs": {},
                "no_device": "",
                "virtual_name": "ephemeral6"
              },
              {
                "device_name": "xvdch",
                "ebs": {},
                "no_device": "",
                "virtual_name": "ephemeral7"
              },
              {
                "device_name": "xvdci",
                "ebs": {},
                "no_device": "",
                "virtual_name": "ephemeral8"
              },
              {
                "device_name": "xvdcj",
                "ebs": {},
                "no_device": "",
                "virtual_name": "ephemeral9"
              },
              {
                "device_name": "xvdck",
                "ebs": {},
                "no_device": "",
                "virtual_name": "ephemeral10"
              },
              {
                "device_name": "xvdcl",
                "ebs": {},
                "no_device": "",
                "virtual_name": "ephemeral11"
              },
              {
                "device_name": "xvdcm",
                "ebs": {},
                "no_device": "",
                "virtual_name": "ephemeral12"
              },
              {
                "device_name": "xvdcn",
                "ebs": {},
                "no_device": "",
                "virtual_name": "ephemeral13"
              },
              {
                "device_name": "xvdco",
                "ebs": {},
                "no_device": "",
                "virtual_name": "ephemeral14"
              },
              {
                "device_name": "xvdcp",
                "ebs": {},
                "no_device": "",
                "virtual_name": "ephemeral15"
              },
              {
                "device_name": "xvdcq",
                "ebs": {},
                "no_device": "",
                "virtual_name": "ephemeral16"
              },
              {
                "device_name": "xvdcr",
                "ebs": {},
                "no_device": "",
                "virtual_name": "ephemeral17"
              },
              {
                "device_name": "xvdcs",
                "ebs": {},
                "no_device": "",
                "virtual_name": "ephemeral18"
              },
              {
                "device_name": "xvdct",
                "ebs": {},
                "no_device": "",
                "virtual_name": "ephemeral19"
              },
              {
                "device_name": "xvdcu",
                "ebs": {},
                "no_device": "",
                "virtual_name": "ephemeral20"
              },
              {
                "device_name": "xvdcv",
                "ebs": {},
                "no_device": "",
                "virtual_name": "ephemeral21"
              },
              {
                "device_name": "xvdcw",
                "ebs": {},
                "no_device": "",
                "virtual_name": "ephemeral22"
              },
              {
                "device_name": "xvdcx",
                "ebs": {},
                "no_device": "",
                "virtual_name": "ephemeral23"
              },
              {
                "device_name": "xvdcy",
                "ebs": {},
                "no_device": "",
                "virtual_name": "ephemeral24"
              },
              {
                "device_name": "xvdcz",
                "ebs": {},
                "no_device": "",
                "virtual_name": "ephemeral25"
              }
            ],
            "boot_mode": "",
            "creation_date": "2025-11-12T23:03:01.000Z",
            "deprecation_time": "2027-11-12T23:03:01.000Z",
            "description": "Microsoft Windows Server 2022 Full Locale English AMI provided by Amazon",
            "ena_support": true,
            "executable_users": null,
            "filter": [
              {
                "name": "name",
                "values": [
                  "Windows_Server-2022-English-Full-Base-*"
                ]
              }
            ],
            "hypervisor": "xen",
            "id": "ami-032c954118df38cd0",
            "image_id": "ami-032c954118df38cd0",
            "image_location": "amazon/Windows_Server-2022-English-Full-Base-2025.11.12",
            "image_owner_alias": "amazon",
            "image_type": "machine",
            "imds_support": "",
            "include_deprecated": false,
            "kernel_id": "",
            "last_launched_time": "",
            "most_recent": true,
            "name": "Windows_Server-2022-English-Full-Base-2025.11.12",
            "name_regex": null,
            "owner_id": "801119661308",
            "owners": [
              "801119661308"
            ],
            "platform": "windows",
            "platform_details": "Windows",
            "product_codes": [],
            "public": true,
            "ramdisk_id": "",
            "root_device_name": "/dev/sda1",
            "root_device_type": "ebs",
            "root_snapshot_id": "snap-0edc08540cf4f70b0",
            "sriov_net_support": "simple",
            "state": "available",
            "state_reason": {
              "code": "UNSET",
              "message": "UNSET"
            },
            "tags": {},
            "timeouts": null,
            "tpm_support": "",
            "uefi_data": null,
            "usage_operation": "RunInstances:0002",
            "virtualization_type": "hvm"
          },
          "sensitive_attributes": [],
          "identity_schema_version": 0
        }
      ]
    },
    {
      "mode": "data",
      "type": "aws_caller_identity",
      "name": "current",
      "provider": "provider[\"registry.terraform.io/hashicorp/aws\"]",
      "instances": [
        {
          "schema_version": 0,
          "attributes": {
            "account_id": "288761763515",
            "arn": "arn:aws:sts::288761763515:assumed-role/AWSReservedSSO_fictisb_IsbUsersPS_921b5cffc13ff9b3/a.dghaich@student.fontys.nl",
            "id": "288761763515",
            "user_id": "AROAUGO4K225XQ3YDMTQW:a.dghaich@student.fontys.nl"
          },
          "sensitive_attributes": [],
          "identity_schema_version": 0
        }
      ]
    },
    {
      "mode": "data",
      "type": "aws_eks_cluster",
      "name": "eks",
      "provider": "provider[\"registry.terraform.io/hashicorp/aws\"]",
      "instances": [
        {
          "schema_version": 0,
          "attributes": {
            "access_config": [
              {
                "authentication_mode": "CONFIG_MAP",
                "bootstrap_cluster_creator_admin_permissions": true
              }
            ],
            "arn": "arn:aws:eks:eu-central-1:288761763515:cluster/cs3-nca-eks",
            "certificate_authority": [
              {
                "data": "LS0tLS1CRUdJTiBDRVJUSUZJQ0FURS0tLS0tCk1JSURCVENDQWUyZ0F3SUJBZ0lJV1VnZ0M2RWpkMnd3RFFZSktvWklodmNOQVFFTEJRQXdGVEVUTUJFR0ExVUUKQXhNS2EzVmlaWEp1WlhSbGN6QWVGdzB5TlRFeU1UQXhNREkwTXpOYUZ3MHpOVEV5TURneE1ESTVNek5hTUJVeApFekFSQmdOVkJBTVRDbXQxWW1WeWJtVjBaWE13Z2dFaU1BMEdDU3FHU0liM0RRRUJBUVVBQTRJQkR3QXdnZ0VLCkFvSUJBUURER0hIdndsTzA3L3N0aG1wQlhpQ3g2VURqSEw1NXQyNHY5bGxMRnJGcGtaUHRVUEdLQ1oyRTBDTHgKdVM1czBCdTNleDdBWEpybThQSytNVG5wb2VOVWVSeHJrNUdUUFFBd1ljdlZ1YmE5RzBHOWdEbXdSbVJJOUdMUAovcFBER2pPTjVReFFtbXZVdjdaY0tmbnU1RXE4a3V1OENyRDVSRzY5NFlQbGFOQi9UVXpPNHVZcnkyaHk1bWlGCmpEZlI0WTk2elhhVmJxRjZSTWdIQStsNW4wSFNZYlUrMGFJWW1XNHFpSEtwN1I0dWo0cTZCcnFSbFZoYW5tc3cKNHl5bHFYL0xPOXRNWUtudURKOFRUbVg5M3Nhcm1NblZnSVFVaWlLRGwzSEZLblZhemlWWllSUUVjV29jMFFsawpzL29sRmJxOGVrWUFIYlRMTXlYdW5SVzB5NW9CQWdNQkFBR2pXVEJYTUE0R0ExVWREd0VCL3dRRUF3SUNwREFQCkJnTlZIUk1CQWY4RUJUQURBUUgvTUIwR0ExVWREZ1FXQkJTaVdsbnZjRTNZd25MNzgwN2FKRnVpbTBpczRUQVYKQmdOVkhSRUVEakFNZ2dwcmRXSmxjbTVsZEdWek1BMEdDU3FHU0liM0RRRUJDd1VBQTRJQkFRQ2dwUmFkb2gvQQpsWnptTk9mRjlORTlHdU1Edk1VVFJsekdJcjkvWURub2tMTWxMWnVqQ1AxdjlENWtrbVFxeXZFcGhvUUdsNlFICnhKeTd5NHFobUh2eWRGdFJ2Y1N5U3dqRDdZZTlwZEE3aDNISXgxcmVRdVYrOGJiZVRHRGo3czNXUEc2QnJOemMKeHN5eTdYVWpBMngwTndJZzNMeHpvWjhFbmhFaGJKVzRXb2FRWmR6dmxaRlBoUlBKQkhQOTBtVlVOSEZ5dDZkOAowbmF6ZW1wcDJsS3JuL0tLOVNqdkhYbjBXalc1cER5cm5zQTV3d2NYMzdqRlJ6clBpaERQV1BDWjNKdHM1NVpyCm4xWEVjRytJaHlMWDkvUms4MGlPVFFCNEFyc0NXcVhIRzN5aEFsWlNaN2RQZldEdzV3bE92TzA2cnZtbEhJdGIKVWlaV3BYYWQwVTlMCi0tLS0tRU5EIENFUlRJRklDQVRFLS0tLS0K"
              }
            ],
            "cluster_id": null,
            "compute_config": [],
            "created_at": "2025-12-10T10:23:46Z",
            "enabled_cluster_log_types": [],
            "endpoint": "https://33216F340EF36D03E6A8A94D9FD020B3.gr7.eu-central-1.eks.amazonaws.com",
            "id": "cs3-nca-eks",
            "identity": [
              {
                "oidc": [
                  {
                    "issuer": "https://oidc.eks.eu-central-1.amazonaws.com/id/33216F340EF36D03E6A8A94D9FD020B3"
                  }
                ]
              }
            ],
            "kubernetes_network_config": [
              {
                "elastic_load_balancing": [
                  {
                    "enabled": false
                  }
                ],
                "ip_family": "ipv4",
                "service_ipv4_cidr": "172.20.0.0/16",
                "service_ipv6_cidr": ""
              }
            ],
            "name": "cs3-nca-eks",
            "outpost_config": [],
            "platform_version": "eks.54",
            "remote_network_config": [],
            "role_arn": "arn:aws:iam::288761763515:role/cs3-nca-eks-cluster-role",
            "status": "ACTIVE",
            "storage_config": [],
            "tags": {},
            "upgrade_policy": [
              {
                "support_type": "EXTENDED"
              }
            ],
            "version": "1.30",
            "vpc_config": [
              {
                "cluster_security_group_id": "sg-089b06efe4a925494",
                "endpoint_private_access": false,
                "endpoint_public_access": true,
                "public_access_cidrs": [
                  "0.0.0.0/0"
                ],
                "security_group_ids": [
                  "sg-0734d1bea9ed2d1f4"
                ],
                "subnet_ids": [
                  "subnet-020c05c9ddb4354f9",
                  "subnet-02e608ced5e035512",
                  "subnet-09ca9f80f78655706",
                  "subnet-0dfe8d5be71fddf31"
                ],
                "vpc_id": "vpc-040596582b76660f4"
              }
            ],
            "zonal_shift_config": []
          },
          "sensitive_attributes": [],
          "identity_schema_version": 0
        }
      ]
    },
    {
      "mode": "data",
      "type": "aws_eks_cluster_auth",
      "name": "eks",
      "provider": "provider[\"registry.terraform.io/hashicorp/aws\"]",
      "instances": [
        {
          "schema_version": 0,
          "attributes": {
            "id": "cs3-nca-eks",
            "name": "cs3-nca-eks",
            "token": "k8s-aws-v1.aHR0cHM6Ly9zdHMuZXUtY2VudHJhbC0xLmFtYXpvbmF3cy5jb20vP0FjdGlvbj1HZXRDYWxsZXJJZGVudGl0eSZWZXJzaW9uPTIwMTEtMDYtMTUmWC1BbXotQWxnb3JpdGhtPUFXUzQtSE1BQy1TSEEyNTYmWC1BbXotQ3JlZGVudGlhbD1BU0lBVUdPNEsyMjVXWU1DR05ZSyUyRjIwMjUxMjExJTJGZXUtY2VudHJhbC0xJTJGc3RzJTJGYXdzNF9yZXF1ZXN0JlgtQW16LURhdGU9MjAyNTEyMTFUMTcwMTMwWiZYLUFtei1FeHBpcmVzPTAmWC1BbXotU2VjdXJpdHktVG9rZW49SVFvSmIzSnBaMmx1WDJWakVDa2FER1YxTFdObGJuUnlZV3d0TVNKR01FUUNJRFJTMERMQmVGSldsTXE2aSUyRmVOeDBDWFQ1U1FiOVZDNFE4cUFpTWMzWVZBQWlBcXI5WTNEbDBoWFFzeXFrd21xeUtlJTJCZEUwU1Fld1VxUEVHZDBnRTF0QWRDcWZBd2p5JTJGJTJGJTJGJTJGJTJGJTJGJTJGJTJGJTJGJTJGOEJFQUFhRERJNE9EYzJNVGMyTXpVeE5TSU1KTUpHJTJCeTZIJTJGa3RuYzh2d0t2TUNJeUFsU0pYM29NVDNzV1Zrb09Td1E0VU5qTHFuTnhjSjhhV0hKajNZVTVmVlVRb0ppYjBXb2NmZUc3RWpKNTNuM1pJaDEzcjJHUnVadXB5UUFuN0YyenBscGVKN3VETjRHTGdob3JqWk5FeUJCVXhsOXFtbGFlRFF3UEIzWFR2dnVjQXNLYVI4MmdnRlNYYVhjdlpUYzRWdVh5RFJzV1pPT2UlMkIxd2VLSkZBUTg4VmltUzJ1Rmd4TlFBQlV2UGZMRmNGc3FQRjc2RnNnRGFXOVFYVkVuSkU4S0pEV0U5T2JOZ2VVd0IyUk1BbUppOUVhcWF3eVZDVnRaNXRZRXBCVGROalNnVEs3N2hIJTJCV0ZkRUR4dVN1dHoyVmdaSDhIbDhCbDBGc2FKWkhxYWNsZ2FISXBnRElYJTJGQVpqZ3FEUFhMQThPZGdiaEhLM0NXdlNySVpJczd2JTJCYktPTXNySktXS2l5ZWlZRG1SdlVMM3dEMWRXJTJGRlRkRUFRRVU5RkRIUUlHcER3WndGYmtMb01rWnoxcmkzcSUyRjUyWVFZZXVXRHMzUUdIejM1VGZ1SjhSWUo0MXVzWkE1SGxSeGNDYmh1ZUp5R3U1M0RnN24xYmVtV3FQZVphaml3WG5iaERsNUFjVCUyQkU4MURPcUhYSVdxa1N2Z3dvdXJyeVFZNnBRRWxFelZBc0ViZFkydEhmVGNNUVZJVndaQ3JCZ1Myc3ZDQTBweHg4NGJST29CM0RHUFFOSjFYc25JaHhLaDlGc09xek16M1A2dUEzbVQ4ZFRBT3dTaUhZaEwlMkY4cHhPaVZkSzgxVUxYaWxIREwlMkJVN1hRN1NWeiUyQlJ3YmZnNlBzZVZnSmhlY1BXa0NmSSUyQlRpN09GekJiTlV1UWhhdTE1S3UybW1qTG9jb2ZXZG5FSTJYNlVORGY2enJaNm5Bd2JrUGFnT0E4ZmxOUDBHdGNEdSUyQlM1UUNlMHdEd3RmMjRJJTNEJlgtQW16LVNpZ25lZEhlYWRlcnM9aG9zdCUzQngtazhzLWF3cy1pZCZYLUFtei1TaWduYXR1cmU9ZTdjNjc0MDcxNDZkYTdiYjljYTljNmZmY2I0MWNhY2E0NGQyMzllYzExNDU2NDQ3ZGNhM2U2MzJhNjVhZTc2Ng"
          },
          "sensitive_attributes": [
            [
              {
                "type": "get_attr",
                "value": "token"
              }
            ]
          ],
          "identity_schema_version": 0
        }
      ]
    },
    {
      "mode": "data",
      "type": "aws_iam_policy_document",
      "name": "backend_assume",
      "provider": "provider[\"registry.terraform.io/hashicorp/aws\"]",
      "instances": [
        {
          "schema_version": 0,
          "attributes": {
            "id": "2799113158",
            "json": "{\n  \"Version\": \"2012-10-17\",\n  \"Statement\": [\n    {\n      \"Effect\": \"Allow\",\n      \"Action\": \"sts:AssumeRoleWithWebIdentity\",\n      \"Principal\": {\n        \"Federated\": \"arn:aws:iam::288761763515:oidc-provider/oidc.eks.eu-central-1.amazonaws.com/id/33216F340EF36D03E6A8A94D9FD020B3\"\n      },\n      \"Condition\": {\n        \"StringEquals\": {\n          \"oidc.eks.eu-central-1.amazonaws.com/id/33216F340EF36D03E6A8A94D9FD020B3:sub\": \"system:serviceaccount:default:backend-sa\"\n        }\n      }\n    }\n  ]\n}",
            "minified_json": "{\"Version\":\"2012-10-17\",\"Statement\":[{\"Effect\":\"Allow\",\"Action\":\"sts:AssumeRoleWithWebIdentity\",\"Principal\":{\"Federated\":\"arn:aws:iam::288761763515:oidc-provider/oidc.eks.eu-central-1.amazonaws.com/id/33216F340EF36D03E6A8A94D9FD020B3\"},\"Condition\":{\"StringEquals\":{\"oidc.eks.eu-central-1.amazonaws.com/id/33216F340EF36D03E6A8A94D9FD020B3:sub\":\"system:serviceaccount:default:backend-sa\"}}}]}",
            "override_json": null,
            "override_policy_documents": null,
            "policy_id": null,
            "source_json": null,
            "source_policy_documents": null,
            "statement": [
              {
                "actions": [
                  "sts:AssumeRoleWithWebIdentity"
                ],
                "condition": [
                  {
                    "test": "StringEquals",
                    "values": [
                      "system:serviceaccount:default:backend-sa"
                    ],
                    "variable": "oidc.eks.eu-central-1.amazonaws.com/id/33216F340EF36D03E6A8A94D9FD020B3:sub"
                  }
                ],
                "effect": "Allow",
                "not_actions": [],
                "not_principals": [],
                "not_resources": [],
                "principals": [
                  {
                    "identifiers": [
                      "arn:aws:iam::288761763515:oidc-provider/oidc.eks.eu-central-1.amazonaws.com/id/33216F340EF36D03E6A8A94D9FD020B3"
                    ],
                    "type": "Federated"
                  }
                ],
                "resources": [],
                "sid": ""
              }
            ],
            "version": "2012-10-17"
          },
          "sensitive_attributes": [],
          "identity_schema_version": 0
        }
      ]
    },
    {
      "mode": "data",
      "type": "aws_iam_policy_document",
      "name": "eks_assume_role",
      "provider": "provider[\"registry.terraform.io/hashicorp/aws\"]",
      "instances": [
        {
          "schema_version": 0,
          "attributes": {
            "id": "3552664922",
            "json": "{\n  \"Version\": \"2012-10-17\",\n  \"Statement\": [\n    {\n      \"Effect\": \"Allow\",\n      \"Action\": \"sts:AssumeRole\",\n      \"Principal\": {\n        \"Service\": \"eks.amazonaws.com\"\n      }\n    }\n  ]\n}",
            "minified_json": "{\"Version\":\"2012-10-17\",\"Statement\":[{\"Effect\":\"Allow\",\"Action\":\"sts:AssumeRole\",\"Principal\":{\"Service\":\"eks.amazonaws.com\"}}]}",
            "override_json": null,
            "override_policy_documents": null,
            "policy_id": null,
            "source_json": null,
            "source_policy_documents": null,
            "statement": [
              {
                "actions": [
                  "sts:AssumeRole"
                ],
                "condition": [],
                "effect": "Allow",
                "not_actions": [],
                "not_principals": [],
                "not_resources": [],
                "principals": [
                  {
                    "identifiers": [
                      "eks.amazonaws.com"
                    ],
                    "type": "Service"
                  }
                ],
                "resources": [],
                "sid": ""
              }
            ],
            "version": "2012-10-17"
          },
          "sensitive_attributes": [],
          "identity_schema_version": 0
        }
      ]
    },
    {
      "mode": "data",
      "type": "aws_iam_policy_document",
      "name": "job_controller_assume",
      "provider": "provider[\"registry.terraform.io/hashicorp/aws\"]",
      "instances": [
        {
          "schema_version": 0,
          "attributes": {
            "id": "1915860233",
            "json": "{\n  \"Version\": \"2012-10-17\",\n  \"Statement\": [\n    {\n      \"Effect\": \"Allow\",\n      \"Action\": \"sts:AssumeRoleWithWebIdentity\",\n      \"Principal\": {\n        \"Federated\": \"arn:aws:iam::288761763515:oidc-provider/oidc.eks.eu-central-1.amazonaws.com/id/33216F340EF36D03E6A8A94D9FD020B3\"\n      },\n      \"Condition\": {\n        \"StringEquals\": {\n          \"oidc.eks.eu-central-1.amazonaws.com/id/33216F340EF36D03E6A8A94D9FD020B3:sub\": \"system:serviceaccount:default:job-controller-sa\"\n        }\n      }\n    }\n  ]\n}",
            "minified_json": "{\"Version\":\"2012-10-17\",\"Statement\":[{\"Effect\":\"Allow\",\"Action\":\"sts:AssumeRoleWithWebIdentity\",\"Principal\":{\"Federated\":\"arn:aws:iam::288761763515:oidc-provider/oidc.eks.eu-central-1.amazonaws.com/id/33216F340EF36D03E6A8A94D9FD020B3\"},\"Condition\":{\"StringEquals\":{\"oidc.eks.eu-central-1.amazonaws.com/id/33216F340EF36D03E6A8A94D9FD020B3:sub\":\"system:serviceaccount:default:job-controller-sa\"}}}]}",
            "override_json": null,
            "override_policy_documents": null,
            "policy_id": null,
            "source_json": null,
            "source_policy_documents": null,
            "statement": [
              {
                "actions": [
                  "sts:AssumeRoleWithWebIdentity"
                ],
                "condition": [
                  {
                    "test": "StringEquals",
                    "values": [
                      "system:serviceaccount:default:job-controller-sa"
                    ],
                    "variable": "oidc.eks.eu-central-1.amazonaws.com/id/33216F340EF36D03E6A8A94D9FD020B3:sub"
                  }
                ],
                "effect": "Allow",
                "not_actions": [],
                "not_principals": [],
                "not_resources": [],
                "principals": [
                  {
                    "identifiers": [
                      "arn:aws:iam::288761763515:oidc-provider/oidc.eks.eu-central-1.amazonaws.com/id/33216F340EF36D03E6A8A94D9FD020B3"
                    ],
                    "type": "Federated"
                  }
                ],
                "resources": [],
                "sid": ""
              }
            ],
            "version": "2012-10-17"
          },
          "sensitive_attributes": [],
          "identity_schema_version": 0
        }
      ]
    },
    {
      "mode": "data",
      "type": "aws_iam_policy_document",
      "name": "job_worker_assume",
      "provider": "provider[\"registry.terraform.io/hashicorp/aws\"]",
      "instances": [
        {
          "schema_version": 0,
          "attributes": {
            "id": "3756716919",
            "json": "{\n  \"Version\": \"2012-10-17\",\n  \"Statement\": [\n    {\n      \"Effect\": \"Allow\",\n      \"Action\": \"sts:AssumeRoleWithWebIdentity\",\n      \"Principal\": {\n        \"Federated\": \"arn:aws:iam::288761763515:oidc-provider/oidc.eks.eu-central-1.amazonaws.com/id/33216F340EF36D03E6A8A94D9FD020B3\"\n      },\n      \"Condition\": {\n        \"StringEquals\": {\n          \"oidc.eks.eu-central-1.amazonaws.com/id/33216F340EF36D03E6A8A94D9FD020B3:sub\": \"system:serviceaccount:default:job-worker-sa\"\n        }\n      }\n    }\n  ]\n}",
            "minified_json": "{\"Version\":\"2012-10-17\",\"Statement\":[{\"Effect\":\"Allow\",\"Action\":\"sts:AssumeRoleWithWebIdentity\",\"Principal\":{\"Federated\":\"arn:aws:iam::288761763515:oidc-provider/oidc.eks.eu-central-1.amazonaws.com/id/33216F340EF36D03E6A8A94D9FD020B3\"},\"Condition\":{\"StringEquals\":{\"oidc.eks.eu-central-1.amazonaws.com/id/33216F340EF36D03E6A8A94D9FD020B3:sub\":\"system:serviceaccount:default:job-worker-sa\"}}}]}",
            "override_json": null,
            "override_policy_documents": null,
            "policy_id": null,
            "source_json": null,
            "source_policy_documents": null,
            "statement": [
              {
                "actions": [
                  "sts:AssumeRoleWithWebIdentity"
                ],
                "condition": [
                  {
                    "test": "StringEquals",
                    "values": [
                      "system:serviceaccount:default:job-worker-sa"
                    ],
                    "variable": "oidc.eks.eu-central-1.amazonaws.com/id/33216F340EF36D03E6A8A94D9FD020B3:sub"
                  }
                ],
                "effect": "Allow",
                "not_actions": [],
                "not_principals": [],
                "not_resources": [],
                "principals": [
                  {
                    "identifiers": [
                      "arn:aws:iam::288761763515:oidc-provider/oidc.eks.eu-central-1.amazonaws.com/id/33216F340EF36D03E6A8A94D9FD020B3"
                    ],
                    "type": "Federated"
                  }
                ],
                "resources": [],
                "sid": ""
              }
            ],
            "version": "2012-10-17"
          },
          "sensitive_attributes": [],
          "identity_schema_version": 0
        }
      ]
    },
    {
      "mode": "data",
      "type": "aws_iam_policy_document",
      "name": "node_assume",
      "provider": "provider[\"registry.terraform.io/hashicorp/aws\"]",
      "instances": [
        {
          "schema_version": 0,
          "attributes": {
            "id": "2851119427",
            "json": "{\n  \"Version\": \"2012-10-17\",\n  \"Statement\": [\n    {\n      \"Effect\": \"Allow\",\n      \"Action\": \"sts:AssumeRole\",\n      \"Principal\": {\n        \"Service\": \"ec2.amazonaws.com\"\n      }\n    }\n  ]\n}",
            "minified_json": "{\"Version\":\"2012-10-17\",\"Statement\":[{\"Effect\":\"Allow\",\"Action\":\"sts:AssumeRole\",\"Principal\":{\"Service\":\"ec2.amazonaws.com\"}}]}",
            "override_json": null,
            "override_policy_documents": null,
            "policy_id": null,
            "source_json": null,
            "source_policy_documents": null,
            "statement": [
              {
                "actions": [
                  "sts:AssumeRole"
                ],
                "condition": [],
                "effect": "Allow",
                "not_actions": [],
                "not_principals": [],
                "not_resources": [],
                "principals": [
                  {
                    "identifiers": [
                      "ec2.amazonaws.com"
                    ],
                    "type": "Service"
                  }
                ],
                "resources": [],
                "sid": ""
              }
            ],
            "version": "2012-10-17"
          },
          "sensitive_attributes": [],
          "identity_schema_version": 0
        }
      ]
    },
    {
      "mode": "data",
      "type": "aws_iam_policy_document",
      "name": "workspaces_assume",
      "provider": "provider[\"registry.terraform.io/hashicorp/aws\"]",
      "instances": [
        {
          "schema_version": 0,
          "attributes": {
            "id": "3265149103",
            "json": "{\n  \"Version\": \"2012-10-17\",\n  \"Statement\": [\n    {\n      \"Effect\": \"Allow\",\n      \"Action\": \"sts:AssumeRole\",\n      \"Principal\": {\n        \"Service\": \"workspaces.amazonaws.com\"\n      }\n    }\n  ]\n}",
            "minified_json": "{\"Version\":\"2012-10-17\",\"Statement\":[{\"Effect\":\"Allow\",\"Action\":\"sts:AssumeRole\",\"Principal\":{\"Service\":\"workspaces.amazonaws.com\"}}]}",
            "override_json": null,
            "override_policy_documents": null,
            "policy_id": null,
            "source_json": null,
            "source_policy_documents": null,
            "statement": [
              {
                "actions": [
                  "sts:AssumeRole"
                ],
                "condition": [],
                "effect": "Allow",
                "not_actions": [],
                "not_principals": [],
                "not_resources": [],
                "principals": [
                  {
                    "identifiers": [
                      "workspaces.amazonaws.com"
                    ],
                    "type": "Service"
                  }
                ],
                "resources": [],
                "sid": ""
              }
            ],
            "version": "2012-10-17"
          },
          "sensitive_attributes": [],
          "identity_schema_version": 0
        }
      ]
    },
    {
      "mode": "managed",
      "type": "aws_cloudwatch_event_rule",
      "name": "employee_created",
      "provider": "provider[\"registry.terraform.io/hashicorp/aws\"]",
      "instances": [
        {
          "schema_version": 1,
          "attributes": {
            "arn": "arn:aws:events:eu-central-1:288761763515:rule/cs3-nca-employee-created",
            "description": "Rule for employee created events",
            "event_bus_name": "default",
            "event_pattern": "{\"detail-type\":[\"employeeCreated\",\"employeeDeleted\"],\"source\":[\"eks.backend\"]}",
            "force_destroy": false,
            "id": "cs3-nca-employee-created",
            "is_enabled": true,
            "name": "cs3-nca-employee-created",
            "name_prefix": "",
            "role_arn": "",
            "schedule_expression": "",
            "state": "ENABLED",
            "tags": {
              "Project": "cs3-nca"
            },
            "tags_all": {
              "Project": "cs3-nca"
            }
          },
          "sensitive_attributes": [],
          "identity_schema_version": 0,
          "private": "eyJzY2hlbWFfdmVyc2lvbiI6IjEifQ=="
        }
      ]
    },
    {
      "mode": "managed",
      "type": "aws_cloudwatch_event_target",
      "name": "to_sqs",
      "provider": "provider[\"registry.terraform.io/hashicorp/aws\"]",
      "instances": [
        {
          "schema_version": 1,
          "attributes": {
            "appsync_target": [],
            "arn": "arn:aws:sqs:eu-central-1:288761763515:cs3-nca-onboarding-queue",
            "batch_target": [],
            "dead_letter_config": [],
            "ecs_target": [],
            "event_bus_name": "default",
            "force_destroy": false,
            "http_target": [],
            "id": "cs3-nca-employee-created-onboarding-sqs",
            "input": "",
            "input_path": "",
            "input_transformer": [],
            "kinesis_target": [],
            "redshift_target": [],
            "retry_policy": [],
            "role_arn": "",
            "rule": "cs3-nca-employee-created",
            "run_command_targets": [],
            "sagemaker_pipeline_target": [],
            "sqs_target": [],
            "target_id": "onboarding-sqs"
          },
          "sensitive_attributes": [],
          "identity_schema_version": 0,
          "private": "eyJzY2hlbWFfdmVyc2lvbiI6IjEifQ==",
          "dependencies": [
            "aws_cloudwatch_event_rule.employee_created",
            "aws_sqs_queue.onboarding_queue"
          ]
        }
      ]
    },
    {
      "mode": "managed",
      "type": "aws_directory_service_directory",
      "name": "ws_microsoft_ad",
      "provider": "provider[\"registry.terraform.io/hashicorp/aws\"]",
      "instances": [
        {
          "schema_version": 0,
          "attributes": {
            "access_url": "d-99674198e9.awsapps.com",
            "alias": "d-99674198e9",
            "connect_settings": [],
            "description": "",
            "desired_number_of_domain_controllers": 2,
            "dns_ip_addresses": [
              "10.0.11.229",
              "10.0.12.23"
            ],
            "edition": "Standard",
            "enable_sso": false,
            "id": "d-99674198e9",
            "name": "org.innovatech.com",
            "password": "Welkom99!!",
            "security_group_id": "sg-0b38aa26a4c7e3e7b",
            "short_name": "innovatech",
            "size": "Small",
            "tags": null,
            "tags_all": {},
            "timeouts": null,
            "type": "MicrosoftAD",
            "vpc_settings": [
              {
                "availability_zones": [
                  "eu-central-1a",
                  "eu-central-1b"
                ],
                "subnet_ids": [
                  "subnet-020c05c9ddb4354f9",
                  "subnet-02e608ced5e035512"
                ],
                "vpc_id": "vpc-040596582b76660f4"
              }
            ]
          },
          "sensitive_attributes": [
            [
              {
                "type": "get_attr",
                "value": "password"
              }
            ]
          ],
          "identity_schema_version": 0,
          "private": "eyJlMmJmYjczMC1lY2FhLTExZTYtOGY4OC0zNDM2M2JjN2M0YzAiOnsiY3JlYXRlIjozNjAwMDAwMDAwMDAwLCJkZWxldGUiOjM2MDAwMDAwMDAwMDAsInVwZGF0ZSI6MzYwMDAwMDAwMDAwMH19",
          "dependencies": [
            "aws_subnet.private_a",
            "aws_subnet.private_b",
            "aws_vpc.main"
          ]
        }
      ]
    },
    {
      "mode": "managed",
      "type": "aws_dynamodb_table",
      "name": "employee_passwords",
      "provider": "provider[\"registry.terraform.io/hashicorp/aws\"]",
      "instances": [
        {
          "schema_version": 1,
          "attributes": {
            "arn": "arn:aws:dynamodb:eu-central-1:288761763515:table/cs3-nca-employee-passwords",
            "attribute": [
              {
                "name": "employeeId",
                "type": "S"
              }
            ],
            "billing_mode": "PAY_PER_REQUEST",
            "deletion_protection_enabled": false,
            "global_secondary_index": [],
            "hash_key": "employeeId",
            "id": "cs3-nca-employee-passwords",
            "import_table": [],
            "local_secondary_index": [],
            "name": "cs3-nca-employee-passwords",
            "on_demand_throughput": [],
            "point_in_time_recovery": [
              {
                "enabled": false,
                "recovery_period_in_days": 0
              }
            ],
            "range_key": null,
            "read_capacity": 0,
            "replica": [],
            "restore_date_time": null,
            "restore_source_name": null,
            "restore_source_table_arn": null,
            "restore_to_latest_time": null,
            "server_side_encryption": [],
            "stream_arn": "",
            "stream_enabled": false,
            "stream_label": "",
            "stream_view_type": "",
            "table_class": "STANDARD",
            "tags": {
              "Project": "cs3-nca"
            },
            "tags_all": {
              "Project": "cs3-nca"
            },
            "timeouts": null,
            "ttl": [
              {
                "attribute_name": "",
                "enabled": false
              }
            ],
            "write_capacity": 0
          },
          "sensitive_attributes": [],
          "identity_schema_version": 0,
          "private": "eyJlMmJmYjczMC1lY2FhLTExZTYtOGY4OC0zNDM2M2JjN2M0YzAiOnsiY3JlYXRlIjoxODAwMDAwMDAwMDAwLCJkZWxldGUiOjYwMDAwMDAwMDAwMCwidXBkYXRlIjozNjAwMDAwMDAwMDAwfSwic2NoZW1hX3ZlcnNpb24iOiIxIn0="
        }
      ]
    },
    {
      "mode": "managed",
      "type": "aws_dynamodb_table",
      "name": "employees",
      "provider": "provider[\"registry.terraform.io/hashicorp/aws\"]",
      "instances": [
        {
          "schema_version": 1,
          "attributes": {
            "arn": "arn:aws:dynamodb:eu-central-1:288761763515:table/cs3-nca-employees",
            "attribute": [
              {
                "name": "employeeId",
                "type": "S"
              }
            ],
            "billing_mode": "PAY_PER_REQUEST",
            "deletion_protection_enabled": false,
            "global_secondary_index": [],
            "hash_key": "employeeId",
            "id": "cs3-nca-employees",
            "import_table": [],
            "local_secondary_index": [],
            "name": "cs3-nca-employees",
            "on_demand_throughput": [],
            "point_in_time_recovery": [
              {
                "enabled": false,
                "recovery_period_in_days": 0
              }
            ],
            "range_key": null,
            "read_capacity": 0,
            "replica": [],
            "restore_date_time": null,
            "restore_source_name": null,
            "restore_source_table_arn": null,
            "restore_to_latest_time": null,
            "server_side_encryption": [],
            "stream_arn": "",
            "stream_enabled": false,
            "stream_label": "",
            "stream_view_type": "",
            "table_class": "STANDARD",
            "tags": {
              "Project": "cs3-nca"
            },
            "tags_all": {
              "Project": "cs3-nca"
            },
            "timeouts": null,
            "ttl": [
              {
                "attribute_name": "",
                "enabled": false
              }
            ],
            "write_capacity": 0
          },
          "sensitive_attributes": [],
          "identity_schema_version": 0,
          "private": "eyJlMmJmYjczMC1lY2FhLTExZTYtOGY4OC0zNDM2M2JjN2M0YzAiOnsiY3JlYXRlIjoxODAwMDAwMDAwMDAwLCJkZWxldGUiOjYwMDAwMDAwMDAwMCwidXBkYXRlIjozNjAwMDAwMDAwMDAwfSwic2NoZW1hX3ZlcnNpb24iOiIxIn0="
        }
      ]
    },
    {
      "mode": "managed",
      "type": "aws_eip",
      "name": "nat",
      "provider": "provider[\"registry.terraform.io/hashicorp/aws\"]",
      "instances": [
        {
          "schema_version": 0,
          "attributes": {
            "address": null,
            "allocation_id": "eipalloc-0eab64558c96a52fd",
            "arn": "arn:aws:ec2:eu-central-1:288761763515:elastic-ip/eipalloc-0eab64558c96a52fd",
            "associate_with_private_ip": null,
            "association_id": "",
            "carrier_ip": "",
            "customer_owned_ip": "",
            "customer_owned_ipv4_pool": "",
            "domain": "vpc",
            "id": "eipalloc-0eab64558c96a52fd",
            "instance": "",
            "ipam_pool_id": null,
            "network_border_group": "eu-central-1",
            "network_interface": "",
            "private_dns": null,
            "private_ip": "",
            "ptr_record": "",
            "public_dns": "ec2-63-181-144-36.eu-central-1.compute.amazonaws.com",
            "public_ip": "63.181.144.36",
            "public_ipv4_pool": "amazon",
            "tags": {
              "Name": "cs3-nca-nat-eip",
              "Project": "cs3-nca"
            },
            "tags_all": {
              "Name": "cs3-nca-nat-eip",
              "Project": "cs3-nca"
            },
            "timeouts": null,
            "vpc": true
          },
          "sensitive_attributes": [],
          "identity_schema_version": 0,
          "private": "eyJlMmJmYjczMC1lY2FhLTExZTYtOGY4OC0zNDM2M2JjN2M0YzAiOnsiZGVsZXRlIjoxODAwMDAwMDAwMDAsInJlYWQiOjkwMDAwMDAwMDAwMCwidXBkYXRlIjozMDAwMDAwMDAwMDB9fQ=="
        }
      ]
    },
    {
      "mode": "managed",
      "type": "aws_eks_cluster",
      "name": "this",
      "provider": "provider[\"registry.terraform.io/hashicorp/aws\"]",
      "instances": [
        {
          "schema_version": 1,
          "attributes": {
            "access_config": [
              {
                "authentication_mode": "CONFIG_MAP",
                "bootstrap_cluster_creator_admin_permissions": true
              }
            ],
            "arn": "arn:aws:eks:eu-central-1:288761763515:cluster/cs3-nca-eks",
            "bootstrap_self_managed_addons": true,
            "certificate_authority": [
              {
                "data": "LS0tLS1CRUdJTiBDRVJUSUZJQ0FURS0tLS0tCk1JSURCVENDQWUyZ0F3SUJBZ0lJV1VnZ0M2RWpkMnd3RFFZSktvWklodmNOQVFFTEJRQXdGVEVUTUJFR0ExVUUKQXhNS2EzVmlaWEp1WlhSbGN6QWVGdzB5TlRFeU1UQXhNREkwTXpOYUZ3MHpOVEV5TURneE1ESTVNek5hTUJVeApFekFSQmdOVkJBTVRDbXQxWW1WeWJtVjBaWE13Z2dFaU1BMEdDU3FHU0liM0RRRUJBUVVBQTRJQkR3QXdnZ0VLCkFvSUJBUURER0hIdndsTzA3L3N0aG1wQlhpQ3g2VURqSEw1NXQyNHY5bGxMRnJGcGtaUHRVUEdLQ1oyRTBDTHgKdVM1czBCdTNleDdBWEpybThQSytNVG5wb2VOVWVSeHJrNUdUUFFBd1ljdlZ1YmE5RzBHOWdEbXdSbVJJOUdMUAovcFBER2pPTjVReFFtbXZVdjdaY0tmbnU1RXE4a3V1OENyRDVSRzY5NFlQbGFOQi9UVXpPNHVZcnkyaHk1bWlGCmpEZlI0WTk2elhhVmJxRjZSTWdIQStsNW4wSFNZYlUrMGFJWW1XNHFpSEtwN1I0dWo0cTZCcnFSbFZoYW5tc3cKNHl5bHFYL0xPOXRNWUtudURKOFRUbVg5M3Nhcm1NblZnSVFVaWlLRGwzSEZLblZhemlWWllSUUVjV29jMFFsawpzL29sRmJxOGVrWUFIYlRMTXlYdW5SVzB5NW9CQWdNQkFBR2pXVEJYTUE0R0ExVWREd0VCL3dRRUF3SUNwREFQCkJnTlZIUk1CQWY4RUJUQURBUUgvTUIwR0ExVWREZ1FXQkJTaVdsbnZjRTNZd25MNzgwN2FKRnVpbTBpczRUQVYKQmdOVkhSRUVEakFNZ2dwcmRXSmxjbTVsZEdWek1BMEdDU3FHU0liM0RRRUJDd1VBQTRJQkFRQ2dwUmFkb2gvQQpsWnptTk9mRjlORTlHdU1Edk1VVFJsekdJcjkvWURub2tMTWxMWnVqQ1AxdjlENWtrbVFxeXZFcGhvUUdsNlFICnhKeTd5NHFobUh2eWRGdFJ2Y1N5U3dqRDdZZTlwZEE3aDNISXgxcmVRdVYrOGJiZVRHRGo3czNXUEc2QnJOemMKeHN5eTdYVWpBMngwTndJZzNMeHpvWjhFbmhFaGJKVzRXb2FRWmR6dmxaRlBoUlBKQkhQOTBtVlVOSEZ5dDZkOAowbmF6ZW1wcDJsS3JuL0tLOVNqdkhYbjBXalc1cER5cm5zQTV3d2NYMzdqRlJ6clBpaERQV1BDWjNKdHM1NVpyCm4xWEVjRytJaHlMWDkvUms4MGlPVFFCNEFyc0NXcVhIRzN5aEFsWlNaN2RQZldEdzV3bE92TzA2cnZtbEhJdGIKVWlaV3BYYWQwVTlMCi0tLS0tRU5EIENFUlRJRklDQVRFLS0tLS0K"
              }
            ],
            "cluster_id": null,
            "compute_config": [],
            "created_at": "2025-12-10T10:23:46Z",
            "enabled_cluster_log_types": [],
            "encryption_config": [],
            "endpoint": "https://33216F340EF36D03E6A8A94D9FD020B3.gr7.eu-central-1.eks.amazonaws.com",
            "force_update_version": null,
            "id": "cs3-nca-eks",
            "identity": [
              {
                "oidc": [
                  {
                    "issuer": "https://oidc.eks.eu-central-1.amazonaws.com/id/33216F340EF36D03E6A8A94D9FD020B3"
                  }
                ]
              }
            ],
            "kubernetes_network_config": [
              {
                "elastic_load_balancing": [
                  {
                    "enabled": false
                  }
                ],
                "ip_family": "ipv4",
                "service_ipv4_cidr": "172.20.0.0/16",
                "service_ipv6_cidr": ""
              }
            ],
            "name": "cs3-nca-eks",
            "outpost_config": [],
            "platform_version": "eks.54",
            "remote_network_config": [],
            "role_arn": "arn:aws:iam::288761763515:role/cs3-nca-eks-cluster-role",
            "status": "ACTIVE",
            "storage_config": [],
            "tags": {},
            "tags_all": {},
            "timeouts": null,
            "upgrade_policy": [
              {
                "support_type": "EXTENDED"
              }
            ],
            "version": "1.30",
            "vpc_config": [
              {
                "cluster_security_group_id": "sg-089b06efe4a925494",
                "endpoint_private_access": false,
                "endpoint_public_access": true,
                "public_access_cidrs": [
                  "0.0.0.0/0"
                ],
                "security_group_ids": [
                  "sg-0734d1bea9ed2d1f4"
                ],
                "subnet_ids": [
                  "subnet-020c05c9ddb4354f9",
                  "subnet-02e608ced5e035512",
                  "subnet-09ca9f80f78655706",
                  "subnet-0dfe8d5be71fddf31"
                ],
                "vpc_id": "vpc-040596582b76660f4"
              }
            ],
            "zonal_shift_config": []
          },
          "sensitive_attributes": [],
          "identity_schema_version": 0,
          "private": "eyJlMmJmYjczMC1lY2FhLTExZTYtOGY4OC0zNDM2M2JjN2M0YzAiOnsiY3JlYXRlIjoxODAwMDAwMDAwMDAwLCJkZWxldGUiOjkwMDAwMDAwMDAwMCwidXBkYXRlIjozNjAwMDAwMDAwMDAwfSwic2NoZW1hX3ZlcnNpb24iOiIxIn0=",
          "dependencies": [
            "aws_iam_role.eks_cluster_role",
            "aws_iam_role_policy_attachment.eks_cluster_AmazonEKSClusterPolicy",
            "aws_security_group.eks_cluster_sg",
            "aws_subnet.private_a",
            "aws_subnet.private_b",
            "aws_subnet.public_a",
            "aws_subnet.public_b",
            "aws_vpc.main",
            "data.aws_iam_policy_document.eks_assume_role"
          ]
        }
      ]
    },
    {
      "mode": "managed",
      "type": "aws_eks_node_group",
      "name": "default",
      "provider": "provider[\"registry.terraform.io/hashicorp/aws\"]",
      "instances": [
        {
          "schema_version": 0,
          "attributes": {
            "ami_type": "AL2023_x86_64_STANDARD",
            "arn": "arn:aws:eks:eu-central-1:288761763515:nodegroup/cs3-nca-eks/cs3-nca-node-group/a8cd83e8-610c-75cf-958c-efd085db043f",
            "capacity_type": "ON_DEMAND",
            "cluster_name": "cs3-nca-eks",
            "disk_size": 20,
            "force_update_version": null,
            "id": "cs3-nca-eks:cs3-nca-node-group",
            "instance_types": [
              "t3.small"
            ],
            "labels": {},
            "launch_template": [],
            "node_group_name": "cs3-nca-node-group",
            "node_group_name_prefix": "",
            "node_repair_config": [],
            "node_role_arn": "arn:aws:iam::288761763515:role/cs3-nca-eks-node-role",
            "release_version": "1.30.14-20251120",
            "remote_access": [],
            "resources": [
              {
                "autoscaling_groups": [
                  {
                    "name": "eks-cs3-nca-node-group-a8cd83e8-610c-75cf-958c-efd085db043f"
                  }
                ],
                "remote_access_security_group_id": ""
              }
            ],
            "scaling_config": [
              {
                "desired_size": 2,
                "max_size": 3,
                "min_size": 1
              }
            ],
            "status": "ACTIVE",
            "subnet_ids": [
              "subnet-020c05c9ddb4354f9",
              "subnet-02e608ced5e035512"
            ],
            "tags": {},
            "tags_all": {},
            "taint": [],
            "timeouts": null,
            "update_config": [
              {
                "max_unavailable": 1,
                "max_unavailable_percentage": 0
              }
            ],
            "version": "1.30"
          },
          "sensitive_attributes": [],
          "identity_schema_version": 0,
          "private": "eyJlMmJmYjczMC1lY2FhLTExZTYtOGY4OC0zNDM2M2JjN2M0YzAiOnsiY3JlYXRlIjozNjAwMDAwMDAwMDAwLCJkZWxldGUiOjM2MDAwMDAwMDAwMDAsInVwZGF0ZSI6MzYwMDAwMDAwMDAwMH19",
          "dependencies": [
            "aws_eks_cluster.this",
            "aws_iam_role.eks_cluster_role",
            "aws_iam_role.eks_node_role",
            "aws_iam_role_policy_attachment.eks_cluster_AmazonEKSClusterPolicy",
            "aws_iam_role_policy_attachment.node_AmazonEC2ContainerRegistryReadOnly",
            "aws_iam_role_policy_attachment.node_AmazonEKSWorkerNodePolicy",
            "aws_iam_role_policy_attachment.node_AmazonEKS_CNI_Policy",
            "aws_security_group.eks_cluster_sg",
            "aws_subnet.private_a",
            "aws_subnet.private_b",
            "aws_subnet.public_a",
            "aws_subnet.public_b",
            "aws_vpc.main",
            "data.aws_iam_policy_document.eks_assume_role",
            "data.aws_iam_policy_document.node_assume"
          ]
        }
      ]
    },
    {
      "mode": "managed",
      "type": "aws_iam_instance_profile",
      "name": "management_ssm_profile",
      "provider": "provider[\"registry.terraform.io/hashicorp/aws\"]",
      "instances": [
        {
          "schema_version": 0,
          "attributes": {
            "arn": "arn:aws:iam::288761763515:instance-profile/cs3-nca-mgmt-ssm-profile",
            "create_date": "2025-12-10T10:23:43Z",
            "id": "cs3-nca-mgmt-ssm-profile",
            "name": "cs3-nca-mgmt-ssm-profile",
            "name_prefix": "",
            "path": "/",
            "role": "cs3-nca-mgmt-ssm-role",
            "tags": {},
            "tags_all": {},
            "unique_id": "AIPAUGO4K2256ZWW3KIWU"
          },
          "sensitive_attributes": [],
          "identity_schema_version": 0,
          "private": "bnVsbA==",
          "dependencies": [
            "aws_iam_role.management_ssm_role"
          ]
        }
      ]
    },
    {
      "mode": "managed",
      "type": "aws_iam_openid_connect_provider",
      "name": "eks",
      "provider": "provider[\"registry.terraform.io/hashicorp/aws\"]",
      "instances": [
        {
          "schema_version": 0,
          "attributes": {
            "arn": "arn:aws:iam::288761763515:oidc-provider/oidc.eks.eu-central-1.amazonaws.com/id/33216F340EF36D03E6A8A94D9FD020B3",
            "client_id_list": [
              "sts.amazonaws.com"
            ],
            "id": "arn:aws:iam::288761763515:oidc-provider/oidc.eks.eu-central-1.amazonaws.com/id/33216F340EF36D03E6A8A94D9FD020B3",
            "tags": {
              "Project": "cs3-nca"
            },
            "tags_all": {
              "Project": "cs3-nca"
            },
            "thumbprint_list": [
              "9e99a48a9960b14926bb7f3b02e22da0afd10df3"
            ],
            "url": "oidc.eks.eu-central-1.amazonaws.com/id/33216F340EF36D03E6A8A94D9FD020B3"
          },
          "sensitive_attributes": [],
          "identity_schema_version": 0,
          "private": "bnVsbA==",
          "dependencies": [
            "aws_eks_cluster.this",
            "aws_iam_role.eks_cluster_role",
            "aws_iam_role_policy_attachment.eks_cluster_AmazonEKSClusterPolicy",
            "aws_security_group.eks_cluster_sg",
            "aws_subnet.private_a",
            "aws_subnet.private_b",
            "aws_subnet.public_a",
            "aws_subnet.public_b",
            "aws_vpc.main",
            "data.aws_eks_cluster.eks",
            "data.aws_iam_policy_document.eks_assume_role"
          ]
        }
      ]
    },
    {
      "mode": "managed",
      "type": "aws_iam_policy",
      "name": "backend_policy",
      "provider": "provider[\"registry.terraform.io/hashicorp/aws\"]",
      "instances": [
        {
          "schema_version": 0,
          "attributes": {
            "arn": "arn:aws:iam::288761763515:policy/cs3-nca-backend-policy",
            "attachment_count": 1,
            "description": "",
            "id": "arn:aws:iam::288761763515:policy/cs3-nca-backend-policy",
            "name": "cs3-nca-backend-policy",
            "name_prefix": "",
            "path": "/",
            "policy": "{\"Statement\":[{\"Action\":[\"dynamodb:PutItem\",\"dynamodb:GetItem\",\"dynamodb:UpdateItem\",\"dynamodb:DeleteItem\",\"dynamodb:Scan\"],\"Effect\":\"Allow\",\"Resource\":[\"arn:aws:dynamodb:eu-central-1:288761763515:table/cs3-nca-employees\",\"arn:aws:dynamodb:eu-central-1:288761763515:table/cs3-nca-employee-passwords\"]},{\"Action\":[\"sqs:SendMessage\"],\"Effect\":\"Allow\",\"Resource\":\"arn:aws:sqs:eu-central-1:288761763515:cs3-nca-onboarding-queue\"},{\"Action\":[\"events:PutEvents\"],\"Effect\":\"Allow\",\"Resource\":\"arn:aws:events:eu-central-1:288761763515:event-bus/default\"}],\"Version\":\"2012-10-17\"}",
            "policy_id": "ANPAUGO4K225QP5IYCDFW",
            "tags": {},
            "tags_all": {}
          },
          "sensitive_attributes": [],
          "identity_schema_version": 0,
          "private": "bnVsbA==",
          "dependencies": [
            "aws_dynamodb_table.employee_passwords",
            "aws_dynamodb_table.employees",
            "aws_sqs_queue.onboarding_queue",
            "data.aws_caller_identity.current"
          ]
        }
      ]
    },
    {
      "mode": "managed",
      "type": "aws_iam_policy",
      "name": "job_controller_policy",
      "provider": "provider[\"registry.terraform.io/hashicorp/aws\"]",
      "instances": [
        {
          "schema_version": 0,
          "attributes": {
            "arn": "arn:aws:iam::288761763515:policy/cs3-nca-job-controller-policy",
            "attachment_count": 1,
            "description": "",
            "id": "arn:aws:iam::288761763515:policy/cs3-nca-job-controller-policy",
            "name": "cs3-nca-job-controller-policy",
            "name_prefix": "",
            "path": "/",
            "policy": "{\"Statement\":[{\"Action\":[\"sqs:ReceiveMessage\",\"sqs:DeleteMessage\",\"sqs:GetQueueAttributes\"],\"Effect\":\"Allow\",\"Resource\":\"arn:aws:sqs:eu-central-1:288761763515:cs3-nca-onboarding-queue\"}],\"Version\":\"2012-10-17\"}",
            "policy_id": "ANPAUGO4K2253FSIHNYZW",
            "tags": {},
            "tags_all": {}
          },
          "sensitive_attributes": [],
          "identity_schema_version": 0,
          "private": "bnVsbA==",
          "dependencies": [
            "aws_sqs_queue.onboarding_queue"
          ]
        }
      ]
    },
    {
      "mode": "managed",
      "type": "aws_iam_policy",
      "name": "job_worker_policy",
      "provider": "provider[\"registry.terraform.io/hashicorp/aws\"]",
      "instances": [
        {
          "schema_version": 0,
          "attributes": {
            "arn": "arn:aws:iam::288761763515:policy/cs3-nca-job-worker-policy",
            "attachment_count": 1,
            "description": "",
            "id": "arn:aws:iam::288761763515:policy/cs3-nca-job-worker-policy",
            "name": "cs3-nca-job-worker-policy",
            "name_prefix": "",
            "path": "/",
            "policy": "{\"Statement\":[{\"Action\":[\"s3:PutObject\",\"s3:GetObject\",\"s3:ListBucket\"],\"Effect\":\"Allow\",\"Resource\":[\"arn:aws:s3:::cs1-terraform-state-anouar\",\"arn:aws:s3:::cs1-terraform-state-anouar/rdp/*\"]},{\"Action\":[\"ds:CreateComputer\"],\"Effect\":\"Allow\",\"Resource\":[\"arn:aws:ds:eu-central-1:288761763515:directory/*\"]},{\"Action\":[\"ds:DescribeDirectories\"],\"Effect\":\"Allow\",\"Resource\":\"*\"},{\"Action\":[\"ssm:SendCommand\"],\"Effect\":\"Allow\",\"Resource\":[\"arn:aws:ec2:eu-central-1:288761763515:instance/*\"]},{\"Action\":[\"dynamodb:UpdateItem\",\"dynamodb:GetItem\",\"dynamodb:DeleteItem\"],\"Effect\":\"Allow\",\"Resource\":\"arn:aws:dynamodb:eu-central-1:288761763515:table/cs3-nca-employees\"},{\"Action\":[\"dynamodb:PutItem\",\"dynamodb:GetItem\",\"dynamodb:DeleteItem\"],\"Effect\":\"Allow\",\"Resource\":\"arn:aws:dynamodb:eu-central-1:288761763515:table/cs3-nca-employee-passwords\"},{\"Action\":[\"iam:CreateRole\",\"iam:AttachRolePolicy\",\"iam:CreateInstanceProfile\",\"iam:AddRoleToInstanceProfile\",\"iam:GetRole\",\"iam:GetInstanceProfile\",\"iam:PassRole\",\"iam:PutRolePolicy\",\"iam:RemoveRoleFromInstanceProfile\",\"iam:DeleteInstanceProfile\",\"iam:DetachRolePolicy\",\"iam:ListAttachedRolePolicies\",\"iam:ListRolePolicies\",\"iam:DeleteRolePolicy\",\"iam:DeleteRole\",\"iam:DeletePolicy\"],\"Effect\":\"Allow\",\"Resource\":[\"arn:aws:iam::*:role/employee-*\",\"arn:aws:iam::*:instance-profile/cs3-nca*\",\"arn:aws:iam::*:instance-profile/employee-profile*\",\"arn:aws:iam::*:policy/*\",\"arn:aws:iam::aws:policy/*\"]},{\"Action\":[\"ec2:RunInstances\",\"ec2:CreateTags\",\"ec2:DescribeInstances\",\"ec2:TerminateInstances\",\"ec2:DescribeInstanceStatus\"],\"Effect\":\"Allow\",\"Resource\":\"*\"},{\"Action\":[\"ssm:GetParameter\",\"ssm:DescribeInstanceInformation\"],\"Effect\":\"Allow\",\"Resource\":\"*\"},{\"Action\":[\"workspaces:CreateWorkspaces\",\"workspaces:DescribeWorkspaces\",\"workspaces:TerminateWorkspaces\",\"workspaces:CreateTags\",\"workspaces:DescribeWorkspaceDirectories\",\"workspaces:DescribeWorkspaceBundles\",\"workspaces:DescribeTags\"],\"Effect\":\"Allow\",\"Resource\":\"*\"},{\"Action\":[\"sns:Publish\"],\"Effect\":\"Allow\",\"Resource\":\"arn:aws:sns:eu-central-1:288761763515:*\"},{\"Action\":[\"ssm:SendCommand\",\"ssm:GetCommandInvocation\"],\"Effect\":\"Allow\",\"Resource\":[\"arn:aws:ec2:eu-central-1:288761763515:instance/i-00664a0511e19665e\",\"arn:aws:ec2:eu-central-1:288761763515:instance/i-00664a0511e19665e\",\"arn:aws:ssm:eu-central-1:*:document/AWS-RunPowerShellScript\",\"arn:aws:ssm:eu-central-1:*:document/AWS-JoinDirectoryServiceDomain\"]},{\"Action\":[\"ssm:ListCommandInvocations\",\"ssm:ListCommands\"],\"Effect\":\"Allow\",\"Resource\":\"*\"}],\"Version\":\"2012-10-17\"}",
            "policy_id": "ANPAUGO4K225TPIHXXG7K",
            "tags": {},
            "tags_all": {}
          },
          "sensitive_attributes": [],
          "identity_schema_version": 0,
          "private": "bnVsbA==",
          "dependencies": [
            "aws_dynamodb_table.employee_passwords",
            "aws_dynamodb_table.employees",
            "aws_iam_instance_profile.management_ssm_profile",
            "aws_iam_role.management_ssm_role",
            "aws_instance.management_windows",
            "aws_security_group.management_sg",
            "aws_subnet.private_a",
            "aws_vpc.main",
            "data.aws_ami.windows",
            "data.aws_caller_identity.current"
          ]
        }
      ]
    },
    {
      "mode": "managed",
      "type": "aws_iam_role",
      "name": "backend_role",
      "provider": "provider[\"registry.terraform.io/hashicorp/aws\"]",
      "instances": [
        {
          "schema_version": 0,
          "attributes": {
            "arn": "arn:aws:iam::288761763515:role/cs3-nca-backend-irsa",
            "assume_role_policy": "{\"Statement\":[{\"Action\":\"sts:AssumeRoleWithWebIdentity\",\"Condition\":{\"StringEquals\":{\"oidc.eks.eu-central-1.amazonaws.com/id/33216F340EF36D03E6A8A94D9FD020B3:sub\":\"system:serviceaccount:default:backend-sa\"}},\"Effect\":\"Allow\",\"Principal\":{\"Federated\":\"arn:aws:iam::288761763515:oidc-provider/oidc.eks.eu-central-1.amazonaws.com/id/33216F340EF36D03E6A8A94D9FD020B3\"}}],\"Version\":\"2012-10-17\"}",
            "create_date": "2025-12-10T10:31:21Z",
            "description": "",
            "force_detach_policies": false,
            "id": "cs3-nca-backend-irsa",
            "inline_policy": [],
            "managed_policy_arns": [
              "arn:aws:iam::288761763515:policy/cs3-nca-backend-policy"
            ],
            "max_session_duration": 3600,
            "name": "cs3-nca-backend-irsa",
            "name_prefix": "",
            "path": "/",
            "permissions_boundary": "",
            "tags": {},
            "tags_all": {},
            "unique_id": "AROAUGO4K225UDSLIC2TF"
          },
          "sensitive_attributes": [],
          "identity_schema_version": 0,
          "private": "bnVsbA==",
          "dependencies": [
            "aws_eks_cluster.this",
            "aws_iam_openid_connect_provider.eks",
            "aws_iam_role.eks_cluster_role",
            "aws_iam_role_policy_attachment.eks_cluster_AmazonEKSClusterPolicy",
            "aws_security_group.eks_cluster_sg",
            "aws_subnet.private_a",
            "aws_subnet.private_b",
            "aws_subnet.public_a",
            "aws_subnet.public_b",
            "aws_vpc.main",
            "data.aws_eks_cluster.eks",
            "data.aws_iam_policy_document.backend_assume",
            "data.aws_iam_policy_document.eks_assume_role"
          ]
        }
      ]
    },
    {
      "mode": "managed",
      "type": "aws_iam_role",
      "name": "eks_cluster_role",
      "provider": "provider[\"registry.terraform.io/hashicorp/aws\"]",
      "instances": [
        {
          "schema_version": 0,
          "attributes": {
            "arn": "arn:aws:iam::288761763515:role/cs3-nca-eks-cluster-role",
            "assume_role_policy": "{\"Statement\":[{\"Action\":\"sts:AssumeRole\",\"Effect\":\"Allow\",\"Principal\":{\"Service\":\"eks.amazonaws.com\"}}],\"Version\":\"2012-10-17\"}",
            "create_date": "2025-12-10T10:23:42Z",
            "description": "",
            "force_detach_policies": false,
            "id": "cs3-nca-eks-cluster-role",
            "inline_policy": [],
            "managed_policy_arns": [
              "arn:aws:iam::aws:policy/AmazonEKSClusterPolicy"
            ],
            "max_session_duration": 3600,
            "name": "cs3-nca-eks-cluster-role",
            "name_prefix": "",
            "path": "/",
            "permissions_boundary": "",
            "tags": {},
            "tags_all": {},
            "unique_id": "AROAUGO4K2256ZKUO54VF"
          },
          "sensitive_attributes": [],
          "identity_schema_version": 0,
          "private": "bnVsbA==",
          "dependencies": [
            "data.aws_iam_policy_document.eks_assume_role"
          ]
        }
      ]
    },
    {
      "mode": "managed",
      "type": "aws_iam_role",
      "name": "eks_node_role",
      "provider": "provider[\"registry.terraform.io/hashicorp/aws\"]",
      "instances": [
        {
          "schema_version": 0,
          "attributes": {
            "arn": "arn:aws:iam::288761763515:role/cs3-nca-eks-node-role",
            "assume_role_policy": "{\"Statement\":[{\"Action\":\"sts:AssumeRole\",\"Effect\":\"Allow\",\"Principal\":{\"Service\":\"ec2.amazonaws.com\"}}],\"Version\":\"2012-10-17\"}",
            "create_date": "2025-12-10T10:23:42Z",
            "description": "",
            "force_detach_policies": false,
            "id": "cs3-nca-eks-node-role",
            "inline_policy": [],
            "managed_policy_arns": [
              "arn:aws:iam::aws:policy/AmazonEC2ContainerRegistryReadOnly",
              "arn:aws:iam::aws:policy/AmazonEKSWorkerNodePolicy",
              "arn:aws:iam::aws:policy/AmazonEKS_CNI_Policy"
            ],
            "max_session_duration": 3600,
            "name": "cs3-nca-eks-node-role",
            "name_prefix": "",
            "path": "/",
            "permissions_boundary": "",
            "tags": {},
            "tags_all": {},
            "unique_id": "AROAUGO4K225UV5TNCKON"
          },
          "sensitive_attributes": [],
          "identity_schema_version": 0,
          "private": "bnVsbA==",
          "dependencies": [
            "data.aws_iam_policy_document.node_assume"
          ]
        }
      ]
    },
    {
      "mode": "managed",
      "type": "aws_iam_role",
      "name": "job_controller_role",
      "provider": "provider[\"registry.terraform.io/hashicorp/aws\"]",
      "instances": [
        {
          "schema_version": 0,
          "attributes": {
            "arn": "arn:aws:iam::288761763515:role/cs3-nca-job-controller-irsa",
            "assume_role_policy": "{\"Statement\":[{\"Action\":\"sts:AssumeRoleWithWebIdentity\",\"Condition\":{\"StringEquals\":{\"oidc.eks.eu-central-1.amazonaws.com/id/33216F340EF36D03E6A8A94D9FD020B3:sub\":\"system:serviceaccount:default:job-controller-sa\"}},\"Effect\":\"Allow\",\"Principal\":{\"Federated\":\"arn:aws:iam::288761763515:oidc-provider/oidc.eks.eu-central-1.amazonaws.com/id/33216F340EF36D03E6A8A94D9FD020B3\"}}],\"Version\":\"2012-10-17\"}",
            "create_date": "2025-12-10T10:31:22Z",
            "description": "",
            "force_detach_policies": false,
            "id": "cs3-nca-job-controller-irsa",
            "inline_policy": [],
            "managed_policy_arns": [
              "arn:aws:iam::288761763515:policy/cs3-nca-job-controller-policy"
            ],
            "max_session_duration": 3600,
            "name": "cs3-nca-job-controller-irsa",
            "name_prefix": "",
            "path": "/",
            "permissions_boundary": "",
            "tags": {},
            "tags_all": {},
            "unique_id": "AROAUGO4K2252SQUMPR7W"
          },
          "sensitive_attributes": [],
          "identity_schema_version": 0,
          "private": "bnVsbA==",
          "dependencies": [
            "aws_eks_cluster.this",
            "aws_iam_openid_connect_provider.eks",
            "aws_iam_role.eks_cluster_role",
            "aws_iam_role_policy_attachment.eks_cluster_AmazonEKSClusterPolicy",
            "aws_security_group.eks_cluster_sg",
            "aws_subnet.private_a",
            "aws_subnet.private_b",
            "aws_subnet.public_a",
            "aws_subnet.public_b",
            "aws_vpc.main",
            "data.aws_eks_cluster.eks",
            "data.aws_iam_policy_document.eks_assume_role",
            "data.aws_iam_policy_document.job_controller_assume"
          ]
        }
      ]
    },
    {
      "mode": "managed",
      "type": "aws_iam_role",
      "name": "job_worker_role",
      "provider": "provider[\"registry.terraform.io/hashicorp/aws\"]",
      "instances": [
        {
          "schema_version": 0,
          "attributes": {
            "arn": "arn:aws:iam::288761763515:role/cs3-nca-job-worker-irsa",
            "assume_role_policy": "{\"Statement\":[{\"Action\":\"sts:AssumeRoleWithWebIdentity\",\"Condition\":{\"StringEquals\":{\"oidc.eks.eu-central-1.amazonaws.com/id/33216F340EF36D03E6A8A94D9FD020B3:sub\":\"system:serviceaccount:default:job-worker-sa\"}},\"Effect\":\"Allow\",\"Principal\":{\"Federated\":\"arn:aws:iam::288761763515:oidc-provider/oidc.eks.eu-central-1.amazonaws.com/id/33216F340EF36D03E6A8A94D9FD020B3\"}}],\"Version\":\"2012-10-17\"}",
            "create_date": "2025-12-10T10:31:21Z",
            "description": "",
            "force_detach_policies": false,
            "id": "cs3-nca-job-worker-irsa",
            "inline_policy": [],
            "managed_policy_arns": [
              "arn:aws:iam::288761763515:policy/cs3-nca-job-worker-policy"
            ],
            "max_session_duration": 3600,
            "name": "cs3-nca-job-worker-irsa",
            "name_prefix": "",
            "path": "/",
            "permissions_boundary": "",
            "tags": {},
            "tags_all": {},
            "unique_id": "AROAUGO4K225XKFTW6VEK"
          },
          "sensitive_attributes": [],
          "identity_schema_version": 0,
          "private": "bnVsbA==",
          "dependencies": [
            "aws_eks_cluster.this",
            "aws_iam_openid_connect_provider.eks",
            "aws_iam_role.eks_cluster_role",
            "aws_iam_role_policy_attachment.eks_cluster_AmazonEKSClusterPolicy",
            "aws_security_group.eks_cluster_sg",
            "aws_subnet.private_a",
            "aws_subnet.private_b",
            "aws_subnet.public_a",
            "aws_subnet.public_b",
            "aws_vpc.main",
            "data.aws_eks_cluster.eks",
            "data.aws_iam_policy_document.eks_assume_role",
            "data.aws_iam_policy_document.job_worker_assume"
          ]
        }
      ]
    },
    {
      "mode": "managed",
      "type": "aws_iam_role",
      "name": "management_ssm_role",
      "provider": "provider[\"registry.terraform.io/hashicorp/aws\"]",
      "instances": [
        {
          "schema_version": 0,
          "attributes": {
            "arn": "arn:aws:iam::288761763515:role/cs3-nca-mgmt-ssm-role",
            "assume_role_policy": "{\"Statement\":[{\"Action\":\"sts:AssumeRole\",\"Effect\":\"Allow\",\"Principal\":{\"Service\":\"ec2.amazonaws.com\"}}],\"Version\":\"2012-10-17\"}",
            "create_date": "2025-12-10T10:23:42Z",
            "description": "",
            "force_detach_policies": false,
            "id": "cs3-nca-mgmt-ssm-role",
            "inline_policy": [],
            "managed_policy_arns": [
              "arn:aws:iam::aws:policy/AmazonSSMDirectoryServiceAccess",
              "arn:aws:iam::aws:policy/AmazonSSMManagedInstanceCore"
            ],
            "max_session_duration": 3600,
            "name": "cs3-nca-mgmt-ssm-role",
            "name_prefix": "",
            "path": "/",
            "permissions_boundary": "",
            "tags": {},
            "tags_all": {},
            "unique_id": "AROAUGO4K22537IEMYKXQ"
          },
          "sensitive_attributes": [],
          "identity_schema_version": 0,
          "private": "bnVsbA=="
        }
      ]
    },
    {
      "mode": "managed",
      "type": "aws_iam_role",
      "name": "workspaces_default",
      "provider": "provider[\"registry.terraform.io/hashicorp/aws\"]",
      "instances": [
        {
          "schema_version": 0,
          "attributes": {
            "arn": "arn:aws:iam::288761763515:role/workspaces_DefaultRole",
            "assume_role_policy": "{\"Statement\":[{\"Action\":\"sts:AssumeRole\",\"Effect\":\"Allow\",\"Principal\":{\"Service\":\"workspaces.amazonaws.com\"}}],\"Version\":\"2012-10-17\"}",
            "create_date": "2025-11-28T19:22:04Z",
            "description": "",
            "force_detach_policies": false,
            "id": "workspaces_DefaultRole",
            "inline_policy": [],
            "managed_policy_arns": [
              "arn:aws:iam::aws:policy/AmazonWorkSpacesSelfServiceAccess",
              "arn:aws:iam::aws:policy/AmazonWorkSpacesServiceAccess"
            ],
            "max_session_duration": 3600,
            "name": "workspaces_DefaultRole",
            "name_prefix": "",
            "path": "/",
            "permissions_boundary": "",
            "tags": {},
            "tags_all": {},
            "unique_id": "AROAUGO4K225YPCQZLKH5"
          },
          "sensitive_attributes": [],
          "identity_schema_version": 0,
          "private": "bnVsbA==",
          "dependencies": [
            "data.aws_iam_policy_document.workspaces_assume"
          ]
        }
      ]
    },
    {
      "mode": "managed",
      "type": "aws_iam_role_policy_attachment",
      "name": "backend_attach",
      "provider": "provider[\"registry.terraform.io/hashicorp/aws\"]",
      "instances": [
        {
          "schema_version": 0,
          "attributes": {
            "id": "cs3-nca-backend-irsa-20251210103123791300000011",
            "policy_arn": "arn:aws:iam::288761763515:policy/cs3-nca-backend-policy",
            "role": "cs3-nca-backend-irsa"
          },
          "sensitive_attributes": [],
          "identity_schema_version": 0,
          "private": "bnVsbA==",
          "dependencies": [
            "aws_dynamodb_table.employee_passwords",
            "aws_dynamodb_table.employees",
            "aws_eks_cluster.this",
            "aws_iam_openid_connect_provider.eks",
            "aws_iam_policy.backend_policy",
            "aws_iam_role.backend_role",
            "aws_iam_role.eks_cluster_role",
            "aws_iam_role_policy_attachment.eks_cluster_AmazonEKSClusterPolicy",
            "aws_security_group.eks_cluster_sg",
            "aws_sqs_queue.onboarding_queue",
            "aws_subnet.private_a",
            "aws_subnet.private_b",
            "aws_subnet.public_a",
            "aws_subnet.public_b",
            "aws_vpc.main",
            "data.aws_caller_identity.current",
            "data.aws_eks_cluster.eks",
            "data.aws_iam_policy_document.backend_assume",
            "data.aws_iam_policy_document.eks_assume_role"
          ]
        }
      ]
    },
    {
      "mode": "managed",
      "type": "aws_iam_role_policy_attachment",
      "name": "eks_cluster_AmazonEKSClusterPolicy",
      "provider": "provider[\"registry.terraform.io/hashicorp/aws\"]",
      "instances": [
        {
          "schema_version": 0,
          "attributes": {
            "id": "cs3-nca-eks-cluster-role-20251210102344478200000003",
            "policy_arn": "arn:aws:iam::aws:policy/AmazonEKSClusterPolicy",
            "role": "cs3-nca-eks-cluster-role"
          },
          "sensitive_attributes": [],
          "identity_schema_version": 0,
          "private": "bnVsbA==",
          "dependencies": [
            "aws_iam_role.eks_cluster_role",
            "data.aws_iam_policy_document.eks_assume_role"
          ]
        }
      ]
    },
    {
      "mode": "managed",
      "type": "aws_iam_role_policy_attachment",
      "name": "job_controller_attach",
      "provider": "provider[\"registry.terraform.io/hashicorp/aws\"]",
      "instances": [
        {
          "schema_version": 0,
          "attributes": {
            "id": "cs3-nca-job-controller-irsa-20251210103123978700000013",
            "policy_arn": "arn:aws:iam::288761763515:policy/cs3-nca-job-controller-policy",
            "role": "cs3-nca-job-controller-irsa"
          },
          "sensitive_attributes": [],
          "identity_schema_version": 0,
          "private": "bnVsbA==",
          "dependencies": [
            "aws_eks_cluster.this",
            "aws_iam_openid_connect_provider.eks",
            "aws_iam_policy.job_controller_policy",
            "aws_iam_role.eks_cluster_role",
            "aws_iam_role.job_controller_role",
            "aws_iam_role_policy_attachment.eks_cluster_AmazonEKSClusterPolicy",
            "aws_security_group.eks_cluster_sg",
            "aws_sqs_queue.onboarding_queue",
            "aws_subnet.private_a",
            "aws_subnet.private_b",
            "aws_subnet.public_a",
            "aws_subnet.public_b",
            "aws_vpc.main",
            "data.aws_eks_cluster.eks",
            "data.aws_iam_policy_document.eks_assume_role",
            "data.aws_iam_policy_document.job_controller_assume"
          ]
        }
      ]
    },
    {
      "mode": "managed",
      "type": "aws_iam_role_policy_attachment",
      "name": "job_worker_attach",
      "provider": "provider[\"registry.terraform.io/hashicorp/aws\"]",
      "instances": [
        {
          "schema_version": 0,
          "attributes": {
            "id": "cs3-nca-job-worker-irsa-20251210103123978700000012",
            "policy_arn": "arn:aws:iam::288761763515:policy/cs3-nca-job-worker-policy",
            "role": "cs3-nca-job-worker-irsa"
          },
          "sensitive_attributes": [],
          "identity_schema_version": 0,
          "private": "bnVsbA==",
          "dependencies": [
            "aws_dynamodb_table.employee_passwords",
            "aws_dynamodb_table.employees",
            "aws_eks_cluster.this",
            "aws_iam_instance_profile.management_ssm_profile",
            "aws_iam_openid_connect_provider.eks",
            "aws_iam_policy.job_worker_policy",
            "aws_iam_role.eks_cluster_role",
            "aws_iam_role.job_worker_role",
            "aws_iam_role.management_ssm_role",
            "aws_iam_role_policy_attachment.eks_cluster_AmazonEKSClusterPolicy",
            "aws_instance.management_windows",
            "aws_security_group.eks_cluster_sg",
            "aws_security_group.management_sg",
            "aws_subnet.private_a",
            "aws_subnet.private_b",
            "aws_subnet.public_a",
            "aws_subnet.public_b",
            "aws_vpc.main",
            "data.aws_ami.windows",
            "data.aws_caller_identity.current",
            "data.aws_eks_cluster.eks",
            "data.aws_iam_policy_document.eks_assume_role",
            "data.aws_iam_policy_document.job_worker_assume"
          ]
        }
      ]
    },
    {
      "mode": "managed",
      "type": "aws_iam_role_policy_attachment",
      "name": "management_ssm_core",
      "provider": "provider[\"registry.terraform.io/hashicorp/aws\"]",
      "instances": [
        {
          "schema_version": 0,
          "attributes": {
            "id": "cs3-nca-mgmt-ssm-role-20251210102344814900000005",
            "policy_arn": "arn:aws:iam::aws:policy/AmazonSSMManagedInstanceCore",
            "role": "cs3-nca-mgmt-ssm-role"
          },
          "sensitive_attributes": [],
          "identity_schema_version": 0,
          "private": "bnVsbA==",
          "dependencies": [
            "aws_iam_role.management_ssm_role"
          ]
        }
      ]
    },
    {
      "mode": "managed",
      "type": "aws_iam_role_policy_attachment",
      "name": "management_ssm_ds",
      "provider": "provider[\"registry.terraform.io/hashicorp/aws\"]",
      "instances": [
        {
          "schema_version": 0,
          "attributes": {
            "id": "cs3-nca-mgmt-ssm-role-20251210102344788400000004",
            "policy_arn": "arn:aws:iam::aws:policy/AmazonSSMDirectoryServiceAccess",
            "role": "cs3-nca-mgmt-ssm-role"
          },
          "sensitive_attributes": [],
          "identity_schema_version": 0,
          "private": "bnVsbA==",
          "dependencies": [
            "aws_iam_role.management_ssm_role"
          ]
        }
      ]
    },
    {
      "mode": "managed",
      "type": "aws_iam_role_policy_attachment",
      "name": "node_AmazonEC2ContainerRegistryReadOnly",
      "provider": "provider[\"registry.terraform.io/hashicorp/aws\"]",
      "instances": [
        {
          "schema_version": 0,
          "attributes": {
            "id": "cs3-nca-eks-node-role-20251210102345091100000007",
            "policy_arn": "arn:aws:iam::aws:policy/AmazonEC2ContainerRegistryReadOnly",
            "role": "cs3-nca-eks-node-role"
          },
          "sensitive_attributes": [],
          "identity_schema_version": 0,
          "private": "bnVsbA==",
          "dependencies": [
            "aws_iam_role.eks_node_role",
            "data.aws_iam_policy_document.node_assume"
          ]
        }
      ]
    },
    {
      "mode": "managed",
      "type": "aws_iam_role_policy_attachment",
      "name": "node_AmazonEKSWorkerNodePolicy",
      "provider": "provider[\"registry.terraform.io/hashicorp/aws\"]",
      "instances": [
        {
          "schema_version": 0,
          "attributes": {
            "id": "cs3-nca-eks-node-role-20251210102345161000000009",
            "policy_arn": "arn:aws:iam::aws:policy/AmazonEKSWorkerNodePolicy",
            "role": "cs3-nca-eks-node-role"
          },
          "sensitive_attributes": [],
          "identity_schema_version": 0,
          "private": "bnVsbA==",
          "dependencies": [
            "aws_iam_role.eks_node_role",
            "data.aws_iam_policy_document.node_assume"
          ]
        }
      ]
    },
    {
      "mode": "managed",
      "type": "aws_iam_role_policy_attachment",
      "name": "node_AmazonEKS_CNI_Policy",
      "provider": "provider[\"registry.terraform.io/hashicorp/aws\"]",
      "instances": [
        {
          "schema_version": 0,
          "attributes": {
            "id": "cs3-nca-eks-node-role-20251210102345069000000006",
            "policy_arn": "arn:aws:iam::aws:policy/AmazonEKS_CNI_Policy",
            "role": "cs3-nca-eks-node-role"
          },
          "sensitive_attributes": [],
          "identity_schema_version": 0,
          "private": "bnVsbA==",
          "dependencies": [
            "aws_iam_role.eks_node_role",
            "data.aws_iam_policy_document.node_assume"
          ]
        }
      ]
    },
    {
      "mode": "managed",
      "type": "aws_iam_role_policy_attachment",
      "name": "workspaces_self_service_access",
      "provider": "provider[\"registry.terraform.io/hashicorp/aws\"]",
      "instances": [
        {
          "schema_version": 0,
          "attributes": {
            "id": "workspaces_DefaultRole-20251128192200296900000001",
            "policy_arn": "arn:aws:iam::aws:policy/AmazonWorkSpacesSelfServiceAccess",
            "role": "workspaces_DefaultRole"
          },
          "sensitive_attributes": [],
          "identity_schema_version": 0,
          "private": "bnVsbA==",
          "dependencies": [
            "aws_iam_role.workspaces_default",
            "data.aws_iam_policy_document.workspaces_assume"
          ]
        }
      ]
    },
    {
      "mode": "managed",
      "type": "aws_iam_role_policy_attachment",
      "name": "workspaces_service_access",
      "provider": "provider[\"registry.terraform.io/hashicorp/aws\"]",
      "instances": [
        {
          "schema_version": 0,
          "attributes": {
            "id": "workspaces_DefaultRole-20251128192200476400000002",
            "policy_arn": "arn:aws:iam::aws:policy/AmazonWorkSpacesServiceAccess",
            "role": "workspaces_DefaultRole"
          },
          "sensitive_attributes": [],
          "identity_schema_version": 0,
          "private": "bnVsbA==",
          "dependencies": [
            "aws_iam_role.workspaces_default",
            "data.aws_iam_policy_document.workspaces_assume"
          ]
        }
      ]
    },
    {
      "mode": "managed",
      "type": "aws_instance",
      "name": "management_windows",
      "provider": "provider[\"registry.terraform.io/hashicorp/aws\"]",
      "instances": [
        {
          "schema_version": 1,
          "attributes": {
            "ami": "ami-032c954118df38cd0",
            "arn": "arn:aws:ec2:eu-central-1:288761763515:instance/i-00664a0511e19665e",
            "associate_public_ip_address": false,
            "availability_zone": "eu-central-1a",
            "capacity_reservation_specification": [
              {
                "capacity_reservation_preference": "open",
                "capacity_reservation_target": []
              }
            ],
            "cpu_core_count": 1,
            "cpu_options": [
              {
                "amd_sev_snp": "",
                "core_count": 1,
                "threads_per_core": 2
              }
            ],
            "cpu_threads_per_core": 2,
            "credit_specification": [
              {
                "cpu_credits": "unlimited"
              }
            ],
            "disable_api_stop": false,
            "disable_api_termination": false,
            "ebs_block_device": [],
            "ebs_optimized": false,
            "enable_primary_ipv6": null,
            "enclave_options": [
              {
                "enabled": false
              }
            ],
            "ephemeral_block_device": [],
            "get_password_data": false,
            "hibernation": false,
            "host_id": "",
            "host_resource_group_arn": null,
            "iam_instance_profile": "cs3-nca-mgmt-ssm-profile",
            "id": "i-00664a0511e19665e",
            "instance_initiated_shutdown_behavior": "stop",
            "instance_lifecycle": "",
            "instance_market_options": [],
            "instance_state": "running",
            "instance_type": "t3.large",
            "ipv6_address_count": 0,
            "ipv6_addresses": [],
            "key_name": "ec2_anouar",
            "launch_template": [],
            "maintenance_options": [
              {
                "auto_recovery": "default"
              }
            ],
            "metadata_options": [
              {
                "http_endpoint": "enabled",
                "http_protocol_ipv6": "disabled",
                "http_put_response_hop_limit": 1,
                "http_tokens": "optional",
                "instance_metadata_tags": "disabled"
              }
            ],
            "monitoring": false,
            "network_interface": [],
            "outpost_arn": "",
            "password_data": "",
            "placement_group": "",
            "placement_partition_number": 0,
            "primary_network_interface_id": "eni-0374508ac00a9b31c",
            "private_dns": "ip-10-0-11-201.eu-central-1.compute.internal",
            "private_dns_name_options": [
              {
                "enable_resource_name_dns_a_record": false,
                "enable_resource_name_dns_aaaa_record": false,
                "hostname_type": "ip-name"
              }
            ],
            "private_ip": "10.0.11.201",
            "public_dns": "",
            "public_ip": "",
            "root_block_device": [
              {
                "delete_on_termination": true,
                "device_name": "/dev/sda1",
                "encrypted": true,
                "iops": 100,
                "kms_key_id": "arn:aws:kms:eu-central-1:288761763515:key/c2cce65e-53b8-4692-90a8-e2bcaa50ef92",
                "tags": {},
                "tags_all": {},
                "throughput": 0,
                "volume_id": "vol-0d1a29644714e19e4",
                "volume_size": 30,
                "volume_type": "gp2"
              }
            ],
            "secondary_private_ips": [],
            "security_groups": [],
            "source_dest_check": true,
            "spot_instance_request_id": "",
            "subnet_id": "subnet-020c05c9ddb4354f9",
            "tags": {
              "Name": "cs3-nca-mgmt",
              "Project": "cs3-nca"
            },
            "tags_all": {
              "Name": "cs3-nca-mgmt",
              "Project": "cs3-nca"
            },
            "tenancy": "default",
            "timeouts": null,
            "user_data": null,
            "user_data_base64": null,
            "user_data_replace_on_change": false,
            "volume_tags": null,
            "vpc_security_group_ids": [
              "sg-0e95076ebb9b403f8"
            ]
          },
          "sensitive_attributes": [],
          "identity_schema_version": 0,
          "private": "eyJlMmJmYjczMC1lY2FhLTExZTYtOGY4OC0zNDM2M2JjN2M0YzAiOnsiY3JlYXRlIjo2MDAwMDAwMDAwMDAsImRlbGV0ZSI6MTIwMDAwMDAwMDAwMCwicmVhZCI6OTAwMDAwMDAwMDAwLCJ1cGRhdGUiOjYwMDAwMDAwMDAwMH0sInNjaGVtYV92ZXJzaW9uIjoiMSJ9",
          "dependencies": [
            "aws_iam_instance_profile.management_ssm_profile",
            "aws_iam_role.management_ssm_role",
            "aws_security_group.management_sg",
            "aws_subnet.private_a",
            "aws_vpc.main",
            "data.aws_ami.windows"
          ]
        }
      ]
    },
    {
      "mode": "managed",
      "type": "aws_internet_gateway",
      "name": "igw",
      "provider": "provider[\"registry.terraform.io/hashicorp/aws\"]",
      "instances": [
        {
          "schema_version": 0,
          "attributes": {
            "arn": "arn:aws:ec2:eu-central-1:288761763515:internet-gateway/igw-07f42bcfaed900760",
            "id": "igw-07f42bcfaed900760",
            "owner_id": "288761763515",
            "tags": {
              "Name": "cs3-nca-igw",
              "Project": "cs3-nca"
            },
            "tags_all": {
              "Name": "cs3-nca-igw",
              "Project": "cs3-nca"
            },
            "timeouts": null,
            "vpc_id": "vpc-040596582b76660f4"
          },
          "sensitive_attributes": [],
          "identity_schema_version": 0,
          "private": "eyJlMmJmYjczMC1lY2FhLTExZTYtOGY4OC0zNDM2M2JjN2M0YzAiOnsiY3JlYXRlIjoxMjAwMDAwMDAwMDAwLCJkZWxldGUiOjEyMDAwMDAwMDAwMDAsInVwZGF0ZSI6MTIwMDAwMDAwMDAwMH19",
          "dependencies": [
            "aws_vpc.main"
          ]
        }
      ]
    },
    {
      "mode": "managed",
      "type": "aws_nat_gateway",
      "name": "ngw",
      "provider": "provider[\"registry.terraform.io/hashicorp/aws\"]",
      "instances": [
        {
          "schema_version": 0,
          "attributes": {
            "allocation_id": "eipalloc-0eab64558c96a52fd",
            "association_id": "eipassoc-081396c5ad517da60",
            "connectivity_type": "public",
            "id": "nat-07e9e3e0c4ef1c95c",
            "network_interface_id": "eni-072d684e9e86ffd16",
            "private_ip": "10.0.1.59",
            "public_ip": "63.181.144.36",
            "secondary_allocation_ids": null,
            "secondary_private_ip_address_count": 0,
            "secondary_private_ip_addresses": [],
            "subnet_id": "subnet-0dfe8d5be71fddf31",
            "tags": {
              "Name": "cs3-nca-nat",
              "Project": "cs3-nca"
            },
            "tags_all": {
              "Name": "cs3-nca-nat",
              "Project": "cs3-nca"
            },
            "timeouts": null
          },
          "sensitive_attributes": [],
          "identity_schema_version": 0,
          "private": "eyJlMmJmYjczMC1lY2FhLTExZTYtOGY4OC0zNDM2M2JjN2M0YzAiOnsiY3JlYXRlIjo2MDAwMDAwMDAwMDAsImRlbGV0ZSI6MTgwMDAwMDAwMDAwMCwidXBkYXRlIjo2MDAwMDAwMDAwMDB9fQ==",
          "dependencies": [
            "aws_eip.nat",
            "aws_internet_gateway.igw",
            "aws_subnet.public_a",
            "aws_vpc.main"
          ]
        }
      ]
    },
    {
      "mode": "managed",
      "type": "aws_route_table",
      "name": "private",
      "provider": "provider[\"registry.terraform.io/hashicorp/aws\"]",
      "instances": [
        {
          "schema_version": 0,
          "attributes": {
            "arn": "arn:aws:ec2:eu-central-1:288761763515:route-table/rtb-06520aee88226fe9f",
            "id": "rtb-06520aee88226fe9f",
            "owner_id": "288761763515",
            "propagating_vgws": [],
            "route": [
              {
                "carrier_gateway_id": "",
                "cidr_block": "0.0.0.0/0",
                "core_network_arn": "",
                "destination_prefix_list_id": "",
                "egress_only_gateway_id": "",
                "gateway_id": "",
                "ipv6_cidr_block": "",
                "local_gateway_id": "",
                "nat_gateway_id": "nat-07e9e3e0c4ef1c95c",
                "network_interface_id": "",
                "transit_gateway_id": "",
                "vpc_endpoint_id": "",
                "vpc_peering_connection_id": ""
              }
            ],
            "tags": {
              "Name": "cs3-nca-private-rt",
              "Project": "cs3-nca"
            },
            "tags_all": {
              "Name": "cs3-nca-private-rt",
              "Project": "cs3-nca"
            },
            "timeouts": null,
            "vpc_id": "vpc-040596582b76660f4"
          },
          "sensitive_attributes": [],
          "identity_schema_version": 0,
          "private": "eyJlMmJmYjczMC1lY2FhLTExZTYtOGY4OC0zNDM2M2JjN2M0YzAiOnsiY3JlYXRlIjozMDAwMDAwMDAwMDAsImRlbGV0ZSI6MzAwMDAwMDAwMDAwLCJ1cGRhdGUiOjEyMDAwMDAwMDAwMH19",
          "dependencies": [
            "aws_eip.nat",
            "aws_internet_gateway.igw",
            "aws_nat_gateway.ngw",
            "aws_subnet.public_a",
            "aws_vpc.main"
          ]
        }
      ]
    },
    {
      "mode": "managed",
      "type": "aws_route_table",
      "name": "public",
      "provider": "provider[\"registry.terraform.io/hashicorp/aws\"]",
      "instances": [
        {
          "schema_version": 0,
          "attributes": {
            "arn": "arn:aws:ec2:eu-central-1:288761763515:route-table/rtb-04dd1b472c36281cb",
            "id": "rtb-04dd1b472c36281cb",
            "owner_id": "288761763515",
            "propagating_vgws": [],
            "route": [
              {
                "carrier_gateway_id": "",
                "cidr_block": "0.0.0.0/0",
                "core_network_arn": "",
                "destination_prefix_list_id": "",
                "egress_only_gateway_id": "",
                "gateway_id": "igw-07f42bcfaed900760",
                "ipv6_cidr_block": "",
                "local_gateway_id": "",
                "nat_gateway_id": "",
                "network_interface_id": "",
                "transit_gateway_id": "",
                "vpc_endpoint_id": "",
                "vpc_peering_connection_id": ""
              }
            ],
            "tags": {
              "Name": "cs3-nca-public-rt",
              "Project": "cs3-nca"
            },
            "tags_all": {
              "Name": "cs3-nca-public-rt",
              "Project": "cs3-nca"
            },
            "timeouts": null,
            "vpc_id": "vpc-040596582b76660f4"
          },
          "sensitive_attributes": [],
          "identity_schema_version": 0,
          "private": "eyJlMmJmYjczMC1lY2FhLTExZTYtOGY4OC0zNDM2M2JjN2M0YzAiOnsiY3JlYXRlIjozMDAwMDAwMDAwMDAsImRlbGV0ZSI6MzAwMDAwMDAwMDAwLCJ1cGRhdGUiOjEyMDAwMDAwMDAwMH19",
          "dependencies": [
            "aws_internet_gateway.igw",
            "aws_vpc.main"
          ]
        }
      ]
    },
    {
      "mode": "managed",
      "type": "aws_route_table_association",
      "name": "private_a",
      "provider": "provider[\"registry.terraform.io/hashicorp/aws\"]",
      "instances": [
        {
          "schema_version": 0,
          "attributes": {
            "gateway_id": "",
            "id": "rtbassoc-0e30b3d76b5f1d393",
            "route_table_id": "rtb-06520aee88226fe9f",
            "subnet_id": "subnet-020c05c9ddb4354f9",
            "timeouts": null
          },
          "sensitive_attributes": [],
          "identity_schema_version": 0,
          "private": "eyJlMmJmYjczMC1lY2FhLTExZTYtOGY4OC0zNDM2M2JjN2M0YzAiOnsiY3JlYXRlIjozMDAwMDAwMDAwMDAsImRlbGV0ZSI6MzAwMDAwMDAwMDAwLCJ1cGRhdGUiOjEyMDAwMDAwMDAwMH19",
          "dependencies": [
            "aws_route_table.private",
            "aws_subnet.private_a",
            "aws_vpc.main"
          ]
        }
      ]
    },
    {
      "mode": "managed",
      "type": "aws_route_table_association",
      "name": "private_b",
      "provider": "provider[\"registry.terraform.io/hashicorp/aws\"]",
      "instances": [
        {
          "schema_version": 0,
          "attributes": {
            "gateway_id": "",
            "id": "rtbassoc-093540a4db40d2669",
            "route_table_id": "rtb-06520aee88226fe9f",
            "subnet_id": "subnet-02e608ced5e035512",
            "timeouts": null
          },
          "sensitive_attributes": [],
          "identity_schema_version": 0,
          "private": "eyJlMmJmYjczMC1lY2FhLTExZTYtOGY4OC0zNDM2M2JjN2M0YzAiOnsiY3JlYXRlIjozMDAwMDAwMDAwMDAsImRlbGV0ZSI6MzAwMDAwMDAwMDAwLCJ1cGRhdGUiOjEyMDAwMDAwMDAwMH19",
          "dependencies": [
            "aws_route_table.private",
            "aws_subnet.private_b",
            "aws_vpc.main"
          ]
        }
      ]
    },
    {
      "mode": "managed",
      "type": "aws_route_table_association",
      "name": "public_a",
      "provider": "provider[\"registry.terraform.io/hashicorp/aws\"]",
      "instances": [
        {
          "schema_version": 0,
          "attributes": {
            "gateway_id": "",
            "id": "rtbassoc-0186a2045f1feb89c",
            "route_table_id": "rtb-04dd1b472c36281cb",
            "subnet_id": "subnet-0dfe8d5be71fddf31",
            "timeouts": null
          },
          "sensitive_attributes": [],
          "identity_schema_version": 0,
          "private": "eyJlMmJmYjczMC1lY2FhLTExZTYtOGY4OC0zNDM2M2JjN2M0YzAiOnsiY3JlYXRlIjozMDAwMDAwMDAwMDAsImRlbGV0ZSI6MzAwMDAwMDAwMDAwLCJ1cGRhdGUiOjEyMDAwMDAwMDAwMH19",
          "dependencies": [
            "aws_internet_gateway.igw",
            "aws_route_table.public",
            "aws_subnet.public_a",
            "aws_vpc.main"
          ]
        }
      ]
    },
    {
      "mode": "managed",
      "type": "aws_route_table_association",
      "name": "public_b",
      "provider": "provider[\"registry.terraform.io/hashicorp/aws\"]",
      "instances": [
        {
          "schema_version": 0,
          "attributes": {
            "gateway_id": "",
            "id": "rtbassoc-0a2fbdf18337b2f61",
            "route_table_id": "rtb-04dd1b472c36281cb",
            "subnet_id": "subnet-09ca9f80f78655706",
            "timeouts": null
          },
          "sensitive_attributes": [],
          "identity_schema_version": 0,
          "private": "eyJlMmJmYjczMC1lY2FhLTExZTYtOGY4OC0zNDM2M2JjN2M0YzAiOnsiY3JlYXRlIjozMDAwMDAwMDAwMDAsImRlbGV0ZSI6MzAwMDAwMDAwMDAwLCJ1cGRhdGUiOjEyMDAwMDAwMDAwMH19",
          "dependencies": [
            "aws_internet_gateway.igw",
            "aws_route_table.public",
            "aws_subnet.public_b",
            "aws_vpc.main"
          ]
        }
      ]
    },
    {
      "mode": "managed",
      "type": "aws_security_group",
      "name": "ec2_worker_sg",
      "provider": "provider[\"registry.terraform.io/hashicorp/aws\"]",
      "instances": [
        {
          "schema_version": 1,
          "attributes": {
            "arn": "arn:aws:ec2:eu-central-1:288761763515:security-group/sg-079b9be6f110c0ab7",
            "description": "Allow SSM and RDP for worker EC2 instances",
            "egress": [
              {
                "cidr_blocks": [
                  "0.0.0.0/0"
                ],
                "description": "",
                "from_port": 0,
                "ipv6_cidr_blocks": [],
                "prefix_list_ids": [],
                "protocol": "-1",
                "security_groups": [],
                "self": false,
                "to_port": 0
              }
            ],
            "id": "sg-079b9be6f110c0ab7",
            "ingress": [
              {
                "cidr_blocks": [
                  "0.0.0.0/0"
                ],
                "description": "Allow RDP from anywhere (test)",
                "from_port": 3389,
                "ipv6_cidr_blocks": [],
                "prefix_list_ids": [],
                "protocol": "tcp",
                "security_groups": [],
                "self": false,
                "to_port": 3389
              }
            ],
            "name": "cs3-nca-worker-sg",
            "name_prefix": "",
            "owner_id": "288761763515",
            "revoke_rules_on_delete": false,
            "tags": {},
            "tags_all": {},
            "timeouts": null,
            "vpc_id": "vpc-040596582b76660f4"
          },
          "sensitive_attributes": [],
          "identity_schema_version": 0,
          "private": "eyJlMmJmYjczMC1lY2FhLTExZTYtOGY4OC0zNDM2M2JjN2M0YzAiOnsiY3JlYXRlIjo2MDAwMDAwMDAwMDAsImRlbGV0ZSI6OTAwMDAwMDAwMDAwfSwic2NoZW1hX3ZlcnNpb24iOiIxIn0=",
          "dependencies": [
            "aws_vpc.main"
          ]
        }
      ]
    },
    {
      "mode": "managed",
      "type": "aws_security_group",
      "name": "eks_cluster_sg",
      "provider": "provider[\"registry.terraform.io/hashicorp/aws\"]",
      "instances": [
        {
          "schema_version": 1,
          "attributes": {
            "arn": "arn:aws:ec2:eu-central-1:288761763515:security-group/sg-0734d1bea9ed2d1f4",
            "description": "EKS cluster security group",
            "egress": [
              {
                "cidr_blocks": [
                  "0.0.0.0/0"
                ],
                "description": "",
                "from_port": 0,
                "ipv6_cidr_blocks": [],
                "prefix_list_ids": [],
                "protocol": "-1",
                "security_groups": [],
                "self": false,
                "to_port": 0
              }
            ],
            "id": "sg-0734d1bea9ed2d1f4",
            "ingress": [],
            "name": "cs3-nca-eks-cluster-sg",
            "name_prefix": "",
            "owner_id": "288761763515",
            "revoke_rules_on_delete": false,
            "tags": {
              "Name": "cs3-nca-eks-cluster-sg",
              "Project": "cs3-nca"
            },
            "tags_all": {
              "Name": "cs3-nca-eks-cluster-sg",
              "Project": "cs3-nca"
            },
            "timeouts": null,
            "vpc_id": "vpc-040596582b76660f4"
          },
          "sensitive_attributes": [],
          "identity_schema_version": 0,
          "private": "eyJlMmJmYjczMC1lY2FhLTExZTYtOGY4OC0zNDM2M2JjN2M0YzAiOnsiY3JlYXRlIjo2MDAwMDAwMDAwMDAsImRlbGV0ZSI6OTAwMDAwMDAwMDAwfSwic2NoZW1hX3ZlcnNpb24iOiIxIn0=",
          "dependencies": [
            "aws_vpc.main"
          ]
        }
      ]
    },
    {
      "mode": "managed",
      "type": "aws_security_group",
      "name": "management_sg",
      "provider": "provider[\"registry.terraform.io/hashicorp/aws\"]",
      "instances": [
        {
          "schema_version": 1,
          "attributes": {
            "arn": "arn:aws:ec2:eu-central-1:288761763515:security-group/sg-0e95076ebb9b403f8",
            "description": "SG for management Windows instance (RDP + SSM)",
            "egress": [
              {
                "cidr_blocks": [
                  "0.0.0.0/0"
                ],
                "description": "",
                "from_port": 0,
                "ipv6_cidr_blocks": [],
                "prefix_list_ids": [],
                "protocol": "-1",
                "security_groups": [],
                "self": false,
                "to_port": 0
              }
            ],
            "id": "sg-0e95076ebb9b403f8",
            "ingress": [
              {
                "cidr_blocks": [
                  "10.0.0.0/16"
                ],
                "description": "",
                "from_port": 3389,
                "ipv6_cidr_blocks": [],
                "prefix_list_ids": [],
                "protocol": "tcp",
                "security_groups": [],
                "self": false,
                "to_port": 3389
              },
              {
                "cidr_blocks": [
                  "10.0.11.0/24",
                  "10.0.12.0/24"
                ],
                "description": "",
                "from_port": 445,
                "ipv6_cidr_blocks": [],
                "prefix_list_ids": [],
                "protocol": "tcp",
                "security_groups": [],
                "self": false,
                "to_port": 445
              }
            ],
            "name": "cs3-nca-mgmt-sg",
            "name_prefix": "",
            "owner_id": "288761763515",
            "revoke_rules_on_delete": false,
            "tags": {},
            "tags_all": {},
            "timeouts": null,
            "vpc_id": "vpc-040596582b76660f4"
          },
          "sensitive_attributes": [],
          "identity_schema_version": 0,
          "private": "eyJlMmJmYjczMC1lY2FhLTExZTYtOGY4OC0zNDM2M2JjN2M0YzAiOnsiY3JlYXRlIjo2MDAwMDAwMDAwMDAsImRlbGV0ZSI6OTAwMDAwMDAwMDAwfSwic2NoZW1hX3ZlcnNpb24iOiIxIn0=",
          "dependencies": [
            "aws_vpc.main"
          ]
        }
      ]
    },
    {
      "mode": "managed",
      "type": "aws_security_group",
      "name": "vpc_endpoints",
      "provider": "provider[\"registry.terraform.io/hashicorp/aws\"]",
      "instances": [
        {
          "schema_version": 1,
          "attributes": {
            "arn": "arn:aws:ec2:eu-central-1:288761763515:security-group/sg-064db00218ee4df6e",
            "description": "Security group for interface VPC endpoints",
            "egress": [
              {
                "cidr_blocks": [
                  "0.0.0.0/0"
                ],
                "description": "",
                "from_port": 0,
                "ipv6_cidr_blocks": [],
                "prefix_list_ids": [],
                "protocol": "-1",
                "security_groups": [],
                "self": false,
                "to_port": 0
              }
            ],
            "id": "sg-064db00218ee4df6e",
            "ingress": [
              {
                "cidr_blocks": [
                  "10.0.0.0/16"
                ],
                "description": "Allow VPC traffic to endpoints",
                "from_port": 443,
                "ipv6_cidr_blocks": [],
                "prefix_list_ids": [],
                "protocol": "tcp",
                "security_groups": [],
                "self": false,
                "to_port": 443
              }
            ],
            "name": "cs3-nca-vpc-endpoints-sg",
            "name_prefix": "",
            "owner_id": "288761763515",
            "revoke_rules_on_delete": false,
            "tags": {
              "Name": "cs3-nca-vpc-endpoints-sg",
              "Project": "cs3-nca"
            },
            "tags_all": {
              "Name": "cs3-nca-vpc-endpoints-sg",
              "Project": "cs3-nca"
            },
            "timeouts": null,
            "vpc_id": "vpc-040596582b76660f4"
          },
          "sensitive_attributes": [],
          "identity_schema_version": 0,
          "private": "eyJlMmJmYjczMC1lY2FhLTExZTYtOGY4OC0zNDM2M2JjN2M0YzAiOnsiY3JlYXRlIjo2MDAwMDAwMDAwMDAsImRlbGV0ZSI6OTAwMDAwMDAwMDAwfSwic2NoZW1hX3ZlcnNpb24iOiIxIn0=",
          "dependencies": [
            "aws_vpc.main"
          ]
        }
      ]
    },
    {
      "mode": "managed",
      "type": "aws_sns_topic",
      "name": "onboarding_notifications",
      "provider": "provider[\"registry.terraform.io/hashicorp/aws\"]",
      "instances": [
        {
          "schema_version": 0,
          "attributes": {
            "application_failure_feedback_role_arn": "",
            "application_success_feedback_role_arn": "",
            "application_success_feedback_sample_rate": 0,
            "archive_policy": "",
            "arn": "arn:aws:sns:eu-central-1:288761763515:cs3-nca-onboarding-notifications",
            "beginning_archive_time": "",
            "content_based_deduplication": false,
            "delivery_policy": "",
            "display_name": "",
            "fifo_throughput_scope": "",
            "fifo_topic": false,
            "firehose_failure_feedback_role_arn": "",
            "firehose_success_feedback_role_arn": "",
            "firehose_success_feedback_sample_rate": 0,
            "http_failure_feedback_role_arn": "",
            "http_success_feedback_role_arn": "",
            "http_success_feedback_sample_rate": 0,
            "id": "arn:aws:sns:eu-central-1:288761763515:cs3-nca-onboarding-notifications",
            "kms_master_key_id": "",
            "lambda_failure_feedback_role_arn": "",
            "lambda_success_feedback_role_arn": "",
            "lambda_success_feedback_sample_rate": 0,
            "name": "cs3-nca-onboarding-notifications",
            "name_prefix": "",
            "owner": "288761763515",
            "policy": "{\"Id\":\"__default_policy_ID\",\"Statement\":[{\"Action\":[\"SNS:GetTopicAttributes\",\"SNS:SetTopicAttributes\",\"SNS:AddPermission\",\"SNS:RemovePermission\",\"SNS:DeleteTopic\",\"SNS:Subscribe\",\"SNS:ListSubscriptionsByTopic\",\"SNS:Publish\"],\"Condition\":{\"StringEquals\":{\"AWS:SourceOwner\":\"288761763515\"}},\"Effect\":\"Allow\",\"Principal\":{\"AWS\":\"*\"},\"Resource\":\"arn:aws:sns:eu-central-1:288761763515:cs3-nca-onboarding-notifications\",\"Sid\":\"__default_statement_ID\"}],\"Version\":\"2008-10-17\"}",
            "signature_version": 0,
            "sqs_failure_feedback_role_arn": "",
            "sqs_success_feedback_role_arn": "",
            "sqs_success_feedback_sample_rate": 0,
            "tags": {},
            "tags_all": {},
            "tracing_config": ""
          },
          "sensitive_attributes": [],
          "identity_schema_version": 0,
          "private": "bnVsbA=="
        }
      ]
    },
    {
      "mode": "managed",
      "type": "aws_sns_topic_subscription",
      "name": "onboarding_email",
      "provider": "provider[\"registry.terraform.io/hashicorp/aws\"]",
      "instances": [
        {
          "schema_version": 0,
          "attributes": {
            "arn": "arn:aws:sns:eu-central-1:288761763515:cs3-nca-onboarding-notifications:627a8f57-d721-434e-9059-c31aa4457926",
            "confirmation_timeout_in_minutes": 1,
            "confirmation_was_authenticated": false,
            "delivery_policy": "",
            "endpoint": "559155@student.fontys.nl",
            "endpoint_auto_confirms": false,
            "filter_policy": "",
            "filter_policy_scope": "",
            "id": "arn:aws:sns:eu-central-1:288761763515:cs3-nca-onboarding-notifications:627a8f57-d721-434e-9059-c31aa4457926",
            "owner_id": "288761763515",
            "pending_confirmation": false,
            "protocol": "email",
            "raw_message_delivery": false,
            "redrive_policy": "",
            "replay_policy": "",
            "subscription_role_arn": "",
            "topic_arn": "arn:aws:sns:eu-central-1:288761763515:cs3-nca-onboarding-notifications"
          },
          "sensitive_attributes": [],
          "identity_schema_version": 0,
          "private": "bnVsbA==",
          "dependencies": [
            "aws_sns_topic.onboarding_notifications"
          ]
        }
      ]
    },
    {
      "mode": "managed",
      "type": "aws_sqs_queue",
      "name": "onboarding_queue",
      "provider": "provider[\"registry.terraform.io/hashicorp/aws\"]",
      "instances": [
        {
          "schema_version": 0,
          "attributes": {
            "arn": "arn:aws:sqs:eu-central-1:288761763515:cs3-nca-onboarding-queue",
            "content_based_deduplication": false,
            "deduplication_scope": "",
            "delay_seconds": 0,
            "fifo_queue": false,
            "fifo_throughput_limit": "",
            "id": "https://sqs.eu-central-1.amazonaws.com/288761763515/cs3-nca-onboarding-queue",
            "kms_data_key_reuse_period_seconds": 300,
            "kms_master_key_id": "",
            "max_message_size": 262144,
            "message_retention_seconds": 345600,
            "name": "cs3-nca-onboarding-queue",
            "name_prefix": "",
            "policy": "{\"Statement\":[{\"Action\":\"sqs:SendMessage\",\"Condition\":{\"ArnEquals\":{\"aws:SourceArn\":\"arn:aws:events:eu-central-1:288761763515:rule/cs3-nca-employee-created\"}},\"Effect\":\"Allow\",\"Principal\":{\"Service\":\"events.amazonaws.com\"},\"Resource\":\"arn:aws:sqs:eu-central-1:288761763515:cs3-nca-onboarding-queue\",\"Sid\":\"AllowEventBridgeToSend\"}],\"Version\":\"2012-10-17\"}",
            "receive_wait_time_seconds": 0,
            "redrive_allow_policy": "",
            "redrive_policy": "",
            "sqs_managed_sse_enabled": true,
            "tags": {
              "Project": "cs3-nca"
            },
            "tags_all": {
              "Project": "cs3-nca"
            },
            "timeouts": null,
            "url": "https://sqs.eu-central-1.amazonaws.com/288761763515/cs3-nca-onboarding-queue",
            "visibility_timeout_seconds": 30
          },
          "sensitive_attributes": [],
          "identity_schema_version": 0,
          "private": "eyJlMmJmYjczMC1lY2FhLTExZTYtOGY4OC0zNDM2M2JjN2M0YzAiOnsiY3JlYXRlIjoxODAwMDAwMDAwMDAsImRlbGV0ZSI6MTgwMDAwMDAwMDAwLCJ1cGRhdGUiOjE4MDAwMDAwMDAwMH19"
        }
      ]
    },
    {
      "mode": "managed",
      "type": "aws_sqs_queue_policy",
      "name": "onboarding_allow_eventbridge",
      "provider": "provider[\"registry.terraform.io/hashicorp/aws\"]",
      "instances": [
        {
          "schema_version": 1,
          "attributes": {
            "id": "https://sqs.eu-central-1.amazonaws.com/288761763515/cs3-nca-onboarding-queue",
            "policy": "{\"Statement\":[{\"Action\":\"sqs:SendMessage\",\"Condition\":{\"ArnEquals\":{\"aws:SourceArn\":\"arn:aws:events:eu-central-1:288761763515:rule/cs3-nca-employee-created\"}},\"Effect\":\"Allow\",\"Principal\":{\"Service\":\"events.amazonaws.com\"},\"Resource\":\"arn:aws:sqs:eu-central-1:288761763515:cs3-nca-onboarding-queue\",\"Sid\":\"AllowEventBridgeToSend\"}],\"Version\":\"2012-10-17\"}",
            "queue_url": "https://sqs.eu-central-1.amazonaws.com/288761763515/cs3-nca-onboarding-queue"
          },
          "sensitive_attributes": [],
          "identity_schema_version": 0,
          "private": "eyJzY2hlbWFfdmVyc2lvbiI6IjEifQ==",
          "dependencies": [
            "aws_cloudwatch_event_rule.employee_created",
            "aws_sqs_queue.onboarding_queue"
          ]
        }
      ]
    },
    {
      "mode": "managed",
      "type": "aws_ssm_parameter",
      "name": "ws_bundle_id",
      "provider": "provider[\"registry.terraform.io/hashicorp/aws\"]",
      "instances": [
        {
          "schema_version": 0,
          "attributes": {
            "allowed_pattern": "",
            "arn": "arn:aws:ssm:eu-central-1:288761763515:parameter/cs3/workspaces/bundle_id",
            "data_type": "text",
            "description": "",
            "has_value_wo": null,
            "id": "/cs3/workspaces/bundle_id",
            "insecure_value": null,
            "key_id": "",
            "name": "/cs3/workspaces/bundle_id",
            "overwrite": null,
            "tags": {},
            "tags_all": {},
            "tier": "Standard",
            "type": "String",
            "value": "wsb-gk1wpk43z",
            "value_wo": null,
            "value_wo_version": null,
            "version": 1
          },
          "sensitive_attributes": [
            [
              {
                "type": "get_attr",
                "value": "value"
              }
            ],
            [
              {
                "type": "get_attr",
                "value": "value_wo"
              }
            ]
          ],
          "identity_schema_version": 0,
          "private": "bnVsbA=="
        }
      ]
    },
    {
      "mode": "managed",
      "type": "aws_ssm_parameter",
      "name": "ws_directory_id",
      "provider": "provider[\"registry.terraform.io/hashicorp/aws\"]",
      "instances": [
        {
          "schema_version": 0,
          "attributes": {
            "allowed_pattern": "",
            "arn": "arn:aws:ssm:eu-central-1:288761763515:parameter/cs3/workspaces/directory_id",
            "data_type": "text",
            "description": "",
            "has_value_wo": null,
            "id": "/cs3/workspaces/directory_id",
            "insecure_value": null,
            "key_id": "",
            "name": "/cs3/workspaces/directory_id",
            "overwrite": null,
            "tags": {},
            "tags_all": {},
            "tier": "Standard",
            "type": "String",
            "value": "d-99674198e9",
            "value_wo": null,
            "value_wo_version": null,
            "version": 2
          },
          "sensitive_attributes": [
            [
              {
                "type": "get_attr",
                "value": "value"
              }
            ],
            [
              {
                "type": "get_attr",
                "value": "value_wo"
              }
            ]
          ],
          "identity_schema_version": 0,
          "private": "bnVsbA==",
          "dependencies": [
            "aws_directory_service_directory.ws_microsoft_ad",
            "aws_iam_role.workspaces_default",
            "aws_iam_role_policy_attachment.workspaces_self_service_access",
            "aws_iam_role_policy_attachment.workspaces_service_access",
            "aws_subnet.private_a",
            "aws_subnet.private_b",
            "aws_vpc.main",
            "aws_workspaces_directory.ws_dir",
            "data.aws_iam_policy_document.workspaces_assume"
          ]
        }
      ]
    },
    {
      "mode": "managed",
      "type": "aws_ssm_parameter",
      "name": "ws_subnet_ids",
      "provider": "provider[\"registry.terraform.io/hashicorp/aws\"]",
      "instances": [
        {
          "schema_version": 0,
          "attributes": {
            "allowed_pattern": "",
            "arn": "arn:aws:ssm:eu-central-1:288761763515:parameter/cs3/workspaces/subnet_ids",
            "data_type": "text",
            "description": "",
            "has_value_wo": null,
            "id": "/cs3/workspaces/subnet_ids",
            "insecure_value": null,
            "key_id": "",
            "name": "/cs3/workspaces/subnet_ids",
            "overwrite": null,
            "tags": {},
            "tags_all": {},
            "tier": "Standard",
            "type": "String",
            "value": "subnet-020c05c9ddb4354f9,subnet-02e608ced5e035512",
            "value_wo": null,
            "value_wo_version": null,
            "version": 1
          },
          "sensitive_attributes": [
            [
              {
                "type": "get_attr",
                "value": "value"
              }
            ],
            [
              {
                "type": "get_attr",
                "value": "value_wo"
              }
            ]
          ],
          "identity_schema_version": 0,
          "private": "bnVsbA=="
        }
      ]
    },
    {
      "mode": "managed",
      "type": "aws_subnet",
      "name": "private_a",
      "provider": "provider[\"registry.terraform.io/hashicorp/aws\"]",
      "instances": [
        {
          "schema_version": 1,
          "attributes": {
            "arn": "arn:aws:ec2:eu-central-1:288761763515:subnet/subnet-020c05c9ddb4354f9",
            "assign_ipv6_address_on_creation": false,
            "availability_zone": "eu-central-1a",
            "availability_zone_id": "euc1-az2",
            "cidr_block": "10.0.11.0/24",
            "customer_owned_ipv4_pool": "",
            "enable_dns64": false,
            "enable_lni_at_device_index": 0,
            "enable_resource_name_dns_a_record_on_launch": false,
            "enable_resource_name_dns_aaaa_record_on_launch": false,
            "id": "subnet-020c05c9ddb4354f9",
            "ipv6_cidr_block": "",
            "ipv6_cidr_block_association_id": "",
            "ipv6_native": false,
            "map_customer_owned_ip_on_launch": false,
            "map_public_ip_on_launch": false,
            "outpost_arn": "",
            "owner_id": "288761763515",
            "private_dns_hostname_type_on_launch": "ip-name",
            "tags": {
              "Name": "cs3-nca-private-a",
              "Project": "cs3-nca",
              "kubernetes.io/role/internal-elb": "1"
            },
            "tags_all": {
              "Name": "cs3-nca-private-a",
              "Project": "cs3-nca",
              "kubernetes.io/role/internal-elb": "1"
            },
            "timeouts": null,
            "vpc_id": "vpc-040596582b76660f4"
          },
          "sensitive_attributes": [],
          "identity_schema_version": 0,
          "private": "eyJlMmJmYjczMC1lY2FhLTExZTYtOGY4OC0zNDM2M2JjN2M0YzAiOnsiY3JlYXRlIjo2MDAwMDAwMDAwMDAsImRlbGV0ZSI6MTIwMDAwMDAwMDAwMH0sInNjaGVtYV92ZXJzaW9uIjoiMSJ9",
          "dependencies": [
            "aws_vpc.main"
          ]
        }
      ]
    },
    {
      "mode": "managed",
      "type": "aws_subnet",
      "name": "private_b",
      "provider": "provider[\"registry.terraform.io/hashicorp/aws\"]",
      "instances": [
        {
          "schema_version": 1,
          "attributes": {
            "arn": "arn:aws:ec2:eu-central-1:288761763515:subnet/subnet-02e608ced5e035512",
            "assign_ipv6_address_on_creation": false,
            "availability_zone": "eu-central-1b",
            "availability_zone_id": "euc1-az3",
            "cidr_block": "10.0.12.0/24",
            "customer_owned_ipv4_pool": "",
            "enable_dns64": false,
            "enable_lni_at_device_index": 0,
            "enable_resource_name_dns_a_record_on_launch": false,
            "enable_resource_name_dns_aaaa_record_on_launch": false,
            "id": "subnet-02e608ced5e035512",
            "ipv6_cidr_block": "",
            "ipv6_cidr_block_association_id": "",
            "ipv6_native": false,
            "map_customer_owned_ip_on_launch": false,
            "map_public_ip_on_launch": false,
            "outpost_arn": "",
            "owner_id": "288761763515",
            "private_dns_hostname_type_on_launch": "ip-name",
            "tags": {
              "Name": "cs3-nca-private-b",
              "Project": "cs3-nca",
              "kubernetes.io/role/internal-elb": "1"
            },
            "tags_all": {
              "Name": "cs3-nca-private-b",
              "Project": "cs3-nca",
              "kubernetes.io/role/internal-elb": "1"
            },
            "timeouts": null,
            "vpc_id": "vpc-040596582b76660f4"
          },
          "sensitive_attributes": [],
          "identity_schema_version": 0,
          "private": "eyJlMmJmYjczMC1lY2FhLTExZTYtOGY4OC0zNDM2M2JjN2M0YzAiOnsiY3JlYXRlIjo2MDAwMDAwMDAwMDAsImRlbGV0ZSI6MTIwMDAwMDAwMDAwMH0sInNjaGVtYV92ZXJzaW9uIjoiMSJ9",
          "dependencies": [
            "aws_vpc.main"
          ]
        }
      ]
    },
    {
      "mode": "managed",
      "type": "aws_subnet",
      "name": "public_a",
      "provider": "provider[\"registry.terraform.io/hashicorp/aws\"]",
      "instances": [
        {
          "schema_version": 1,
          "attributes": {
            "arn": "arn:aws:ec2:eu-central-1:288761763515:subnet/subnet-0dfe8d5be71fddf31",
            "assign_ipv6_address_on_creation": false,
            "availability_zone": "eu-central-1a",
            "availability_zone_id": "euc1-az2",
            "cidr_block": "10.0.1.0/24",
            "customer_owned_ipv4_pool": "",
            "enable_dns64": false,
            "enable_lni_at_device_index": 0,
            "enable_resource_name_dns_a_record_on_launch": false,
            "enable_resource_name_dns_aaaa_record_on_launch": false,
            "id": "subnet-0dfe8d5be71fddf31",
            "ipv6_cidr_block": "",
            "ipv6_cidr_block_association_id": "",
            "ipv6_native": false,
            "map_customer_owned_ip_on_launch": false,
            "map_public_ip_on_launch": true,
            "outpost_arn": "",
            "owner_id": "288761763515",
            "private_dns_hostname_type_on_launch": "ip-name",
            "tags": {
              "Name": "cs3-nca-public-a",
              "Project": "cs3-nca",
              "kubernetes.io/role/elb": "1"
            },
            "tags_all": {
              "Name": "cs3-nca-public-a",
              "Project": "cs3-nca",
              "kubernetes.io/role/elb": "1"
            },
            "timeouts": null,
            "vpc_id": "vpc-040596582b76660f4"
          },
          "sensitive_attributes": [],
          "identity_schema_version": 0,
          "private": "eyJlMmJmYjczMC1lY2FhLTExZTYtOGY4OC0zNDM2M2JjN2M0YzAiOnsiY3JlYXRlIjo2MDAwMDAwMDAwMDAsImRlbGV0ZSI6MTIwMDAwMDAwMDAwMH0sInNjaGVtYV92ZXJzaW9uIjoiMSJ9",
          "dependencies": [
            "aws_vpc.main"
          ]
        }
      ]
    },
    {
      "mode": "managed",
      "type": "aws_subnet",
      "name": "public_b",
      "provider": "provider[\"registry.terraform.io/hashicorp/aws\"]",
      "instances": [
        {
          "schema_version": 1,
          "attributes": {
            "arn": "arn:aws:ec2:eu-central-1:288761763515:subnet/subnet-09ca9f80f78655706",
            "assign_ipv6_address_on_creation": false,
            "availability_zone": "eu-central-1b",
            "availability_zone_id": "euc1-az3",
            "cidr_block": "10.0.2.0/24",
            "customer_owned_ipv4_pool": "",
            "enable_dns64": false,
            "enable_lni_at_device_index": 0,
            "enable_resource_name_dns_a_record_on_launch": false,
            "enable_resource_name_dns_aaaa_record_on_launch": false,
            "id": "subnet-09ca9f80f78655706",
            "ipv6_cidr_block": "",
            "ipv6_cidr_block_association_id": "",
            "ipv6_native": false,
            "map_customer_owned_ip_on_launch": false,
            "map_public_ip_on_launch": true,
            "outpost_arn": "",
            "owner_id": "288761763515",
            "private_dns_hostname_type_on_launch": "ip-name",
            "tags": {
              "Name": "cs3-nca-public-b",
              "Project": "cs3-nca",
              "kubernetes.io/role/elb": "1"
            },
            "tags_all": {
              "Name": "cs3-nca-public-b",
              "Project": "cs3-nca",
              "kubernetes.io/role/elb": "1"
            },
            "timeouts": null,
            "vpc_id": "vpc-040596582b76660f4"
          },
          "sensitive_attributes": [],
          "identity_schema_version": 0,
          "private": "eyJlMmJmYjczMC1lY2FhLTExZTYtOGY4OC0zNDM2M2JjN2M0YzAiOnsiY3JlYXRlIjo2MDAwMDAwMDAwMDAsImRlbGV0ZSI6MTIwMDAwMDAwMDAwMH0sInNjaGVtYV92ZXJzaW9uIjoiMSJ9",
          "dependencies": [
            "aws_vpc.main"
          ]
        }
      ]
    },
    {
      "mode": "managed",
      "type": "aws_vpc",
      "name": "main",
      "provider": "provider[\"registry.terraform.io/hashicorp/aws\"]",
      "instances": [
        {
          "schema_version": 1,
          "attributes": {
            "arn": "arn:aws:ec2:eu-central-1:288761763515:vpc/vpc-040596582b76660f4",
            "assign_generated_ipv6_cidr_block": false,
            "cidr_block": "10.0.0.0/16",
            "default_network_acl_id": "acl-0ba58f664ec883c63",
            "default_route_table_id": "rtb-0c4a7dbdcf5dd6854",
            "default_security_group_id": "sg-01f1a7858b09bdd44",
            "dhcp_options_id": "dopt-0083c290cc4c0c39e",
            "enable_dns_hostnames": true,
            "enable_dns_support": true,
            "enable_network_address_usage_metrics": false,
            "id": "vpc-040596582b76660f4",
            "instance_tenancy": "default",
            "ipv4_ipam_pool_id": null,
            "ipv4_netmask_length": null,
            "ipv6_association_id": "",
            "ipv6_cidr_block": "",
            "ipv6_cidr_block_network_border_group": "",
            "ipv6_ipam_pool_id": "",
            "ipv6_netmask_length": 0,
            "main_route_table_id": "rtb-0c4a7dbdcf5dd6854",
            "owner_id": "288761763515",
            "tags": {
              "Name": "cs3-nca-vpc",
              "Project": "cs3-nca"
            },
            "tags_all": {
              "Name": "cs3-nca-vpc",
              "Project": "cs3-nca"
            }
          },
          "sensitive_attributes": [],
          "identity_schema_version": 0,
          "private": "eyJzY2hlbWFfdmVyc2lvbiI6IjEifQ=="
        }
      ]
    },
    {
      "mode": "managed",
      "type": "aws_vpc_endpoint",
      "name": "dynamodb",
      "provider": "provider[\"registry.terraform.io/hashicorp/aws\"]",
      "instances": [
        {
          "schema_version": 0,
          "attributes": {
            "arn": "arn:aws:ec2:eu-central-1:288761763515:vpc-endpoint/vpce-01834b7ddf13046fa",
            "auto_accept": null,
            "cidr_blocks": [
              "35.71.105.128/26",
              "52.94.17.0/24",
              "35.71.105.0/25"
            ],
            "dns_entry": [],
            "dns_options": [
              {
                "dns_record_ip_type": "service-defined",
                "private_dns_only_for_inbound_resolver_endpoint": false
              }
            ],
            "id": "vpce-01834b7ddf13046fa",
            "ip_address_type": "ipv4",
            "network_interface_ids": [],
            "owner_id": "288761763515",
            "policy": "{\"Statement\":[{\"Action\":\"*\",\"Effect\":\"Allow\",\"Principal\":\"*\",\"Resource\":\"*\"}],\"Version\":\"2008-10-17\"}",
            "prefix_list_id": "pl-66a5400f",
            "private_dns_enabled": false,
            "requester_managed": false,
            "resource_configuration_arn": "",
            "route_table_ids": [
              "rtb-06520aee88226fe9f"
            ],
            "security_group_ids": [],
            "service_name": "com.amazonaws.eu-central-1.dynamodb",
            "service_network_arn": "",
            "service_region": "eu-central-1",
            "state": "available",
            "subnet_configuration": [],
            "subnet_ids": [],
            "tags": {
              "Name": "cs3-nca-dynamodb-endpoint",
              "Project": "cs3-nca"
            },
            "tags_all": {
              "Name": "cs3-nca-dynamodb-endpoint",
              "Project": "cs3-nca"
            },
            "timeouts": null,
            "vpc_endpoint_type": "Gateway",
            "vpc_id": "vpc-040596582b76660f4"
          },
          "sensitive_attributes": [],
          "identity_schema_version": 0,
          "private": "eyJlMmJmYjczMC1lY2FhLTExZTYtOGY4OC0zNDM2M2JjN2M0YzAiOnsiY3JlYXRlIjo2MDAwMDAwMDAwMDAsImRlbGV0ZSI6NjAwMDAwMDAwMDAwLCJ1cGRhdGUiOjYwMDAwMDAwMDAwMH19",
          "dependencies": [
            "aws_route_table.private",
            "aws_vpc.main"
          ]
        }
      ]
    },
    {
      "mode": "managed",
      "type": "aws_vpc_endpoint",
      "name": "ec2messages",
      "provider": "provider[\"registry.terraform.io/hashicorp/aws\"]",
      "instances": [
        {
          "schema_version": 0,
          "attributes": {
            "arn": "arn:aws:ec2:eu-central-1:288761763515:vpc-endpoint/vpce-0be7fd5658964154d",
            "auto_accept": null,
            "cidr_blocks": [],
            "dns_entry": [
              {
                "dns_name": "vpce-0be7fd5658964154d-x7xkk8bd.ec2messages.eu-central-1.vpce.amazonaws.com",
                "hosted_zone_id": "Z273ZU8SZ5RJPC"
              },
              {
                "dns_name": "vpce-0be7fd5658964154d-x7xkk8bd-eu-central-1a.ec2messages.eu-central-1.vpce.amazonaws.com",
                "hosted_zone_id": "Z273ZU8SZ5RJPC"
              },
              {
                "dns_name": "vpce-0be7fd5658964154d-x7xkk8bd-eu-central-1b.ec2messages.eu-central-1.vpce.amazonaws.com",
                "hosted_zone_id": "Z273ZU8SZ5RJPC"
              },
              {
                "dns_name": "ec2messages.eu-central-1.amazonaws.com",
                "hosted_zone_id": "Z0609366E2IHD2YEWLZO"
              }
            ],
            "dns_options": [
              {
                "dns_record_ip_type": "ipv4",
                "private_dns_only_for_inbound_resolver_endpoint": false
              }
            ],
            "id": "vpce-0be7fd5658964154d",
            "ip_address_type": "ipv4",
            "network_interface_ids": [
              "eni-0766527748f3122c0",
              "eni-08a1ddd2b3ea72374"
            ],
            "owner_id": "288761763515",
            "policy": "{\"Statement\":[{\"Action\":\"*\",\"Effect\":\"Allow\",\"Principal\":\"*\",\"Resource\":\"*\"}]}",
            "prefix_list_id": null,
            "private_dns_enabled": true,
            "requester_managed": false,
            "resource_configuration_arn": "",
            "route_table_ids": [],
            "security_group_ids": [
              "sg-064db00218ee4df6e"
            ],
            "service_name": "com.amazonaws.eu-central-1.ec2messages",
            "service_network_arn": "",
            "service_region": "eu-central-1",
            "state": "available",
            "subnet_configuration": [
              {
                "ipv4": "10.0.11.20",
                "ipv6": "",
                "subnet_id": "subnet-020c05c9ddb4354f9"
              },
              {
                "ipv4": "10.0.12.148",
                "ipv6": "",
                "subnet_id": "subnet-02e608ced5e035512"
              }
            ],
            "subnet_ids": [
              "subnet-020c05c9ddb4354f9",
              "subnet-02e608ced5e035512"
            ],
            "tags": {
              "Name": "cs3-nca-ec2messages-endpoint",
              "Project": "cs3-nca"
            },
            "tags_all": {
              "Name": "cs3-nca-ec2messages-endpoint",
              "Project": "cs3-nca"
            },
            "timeouts": null,
            "vpc_endpoint_type": "Interface",
            "vpc_id": "vpc-040596582b76660f4"
          },
          "sensitive_attributes": [],
          "identity_schema_version": 0,
          "private": "eyJlMmJmYjczMC1lY2FhLTExZTYtOGY4OC0zNDM2M2JjN2M0YzAiOnsiY3JlYXRlIjo2MDAwMDAwMDAwMDAsImRlbGV0ZSI6NjAwMDAwMDAwMDAwLCJ1cGRhdGUiOjYwMDAwMDAwMDAwMH19",
          "dependencies": [
            "aws_security_group.vpc_endpoints",
            "aws_subnet.private_a",
            "aws_subnet.private_b",
            "aws_vpc.main"
          ]
        }
      ]
    },
    {
      "mode": "managed",
      "type": "aws_vpc_endpoint",
      "name": "ecr_api",
      "provider": "provider[\"registry.terraform.io/hashicorp/aws\"]",
      "instances": [
        {
          "schema_version": 0,
          "attributes": {
            "arn": "arn:aws:ec2:eu-central-1:288761763515:vpc-endpoint/vpce-0136fba1ea8033876",
            "auto_accept": null,
            "cidr_blocks": [],
            "dns_entry": [
              {
                "dns_name": "vpce-0136fba1ea8033876-qeshne8z.api.ecr.eu-central-1.vpce.amazonaws.com",
                "hosted_zone_id": "Z273ZU8SZ5RJPC"
              },
              {
                "dns_name": "vpce-0136fba1ea8033876-qeshne8z-eu-central-1b.api.ecr.eu-central-1.vpce.amazonaws.com",
                "hosted_zone_id": "Z273ZU8SZ5RJPC"
              },
              {
                "dns_name": "vpce-0136fba1ea8033876-qeshne8z-eu-central-1a.api.ecr.eu-central-1.vpce.amazonaws.com",
                "hosted_zone_id": "Z273ZU8SZ5RJPC"
              },
              {
                "dns_name": "api.ecr.eu-central-1.amazonaws.com",
                "hosted_zone_id": "Z08932732GDST39CQ6QST"
              },
              {
                "dns_name": "ecr.eu-central-1.api.aws",
                "hosted_zone_id": "Z0894602BFD5QNVDT3CW"
              }
            ],
            "dns_options": [
              {
                "dns_record_ip_type": "ipv4",
                "private_dns_only_for_inbound_resolver_endpoint": false
              }
            ],
            "id": "vpce-0136fba1ea8033876",
            "ip_address_type": "ipv4",
            "network_interface_ids": [
              "eni-011c605108925cff3",
              "eni-05ab13c1deb990b00"
            ],
            "owner_id": "288761763515",
            "policy": "{\"Statement\":[{\"Action\":\"*\",\"Effect\":\"Allow\",\"Principal\":\"*\",\"Resource\":\"*\"}]}",
            "prefix_list_id": null,
            "private_dns_enabled": true,
            "requester_managed": false,
            "resource_configuration_arn": "",
            "route_table_ids": [],
            "security_group_ids": [
              "sg-064db00218ee4df6e"
            ],
            "service_name": "com.amazonaws.eu-central-1.ecr.api",
            "service_network_arn": "",
            "service_region": "eu-central-1",
            "state": "available",
            "subnet_configuration": [
              {
                "ipv4": "10.0.11.104",
                "ipv6": "",
                "subnet_id": "subnet-020c05c9ddb4354f9"
              },
              {
                "ipv4": "10.0.12.120",
                "ipv6": "",
                "subnet_id": "subnet-02e608ced5e035512"
              }
            ],
            "subnet_ids": [
              "subnet-020c05c9ddb4354f9",
              "subnet-02e608ced5e035512"
            ],
            "tags": {
              "Name": "cs3-nca-ecr-api-endpoint",
              "Project": "cs3-nca"
            },
            "tags_all": {
              "Name": "cs3-nca-ecr-api-endpoint",
              "Project": "cs3-nca"
            },
            "timeouts": null,
            "vpc_endpoint_type": "Interface",
            "vpc_id": "vpc-040596582b76660f4"
          },
          "sensitive_attributes": [],
          "identity_schema_version": 0,
          "private": "eyJlMmJmYjczMC1lY2FhLTExZTYtOGY4OC0zNDM2M2JjN2M0YzAiOnsiY3JlYXRlIjo2MDAwMDAwMDAwMDAsImRlbGV0ZSI6NjAwMDAwMDAwMDAwLCJ1cGRhdGUiOjYwMDAwMDAwMDAwMH19",
          "dependencies": [
            "aws_security_group.vpc_endpoints",
            "aws_subnet.private_a",
            "aws_subnet.private_b",
            "aws_vpc.main"
          ]
        }
      ]
    },
    {
      "mode": "managed",
      "type": "aws_vpc_endpoint",
      "name": "ecr_dkr",
      "provider": "provider[\"registry.terraform.io/hashicorp/aws\"]",
      "instances": [
        {
          "schema_version": 0,
          "attributes": {
            "arn": "arn:aws:ec2:eu-central-1:288761763515:vpc-endpoint/vpce-0e28efafc494bc1b7",
            "auto_accept": null,
            "cidr_blocks": [],
            "dns_entry": [
              {
                "dns_name": "vpce-0e28efafc494bc1b7-lst3pbrd.dkr.ecr.eu-central-1.vpce.amazonaws.com",
                "hosted_zone_id": "Z273ZU8SZ5RJPC"
              },
              {
                "dns_name": "vpce-0e28efafc494bc1b7-lst3pbrd-eu-central-1b.dkr.ecr.eu-central-1.vpce.amazonaws.com",
                "hosted_zone_id": "Z273ZU8SZ5RJPC"
              },
              {
                "dns_name": "vpce-0e28efafc494bc1b7-lst3pbrd-eu-central-1a.dkr.ecr.eu-central-1.vpce.amazonaws.com",
                "hosted_zone_id": "Z273ZU8SZ5RJPC"
              },
              {
                "dns_name": "dkr.ecr.eu-central-1.amazonaws.com",
                "hosted_zone_id": "Z02954722HI1BMCNI0JUI"
              },
              {
                "dns_name": "*.dkr.ecr.eu-central-1.amazonaws.com",
                "hosted_zone_id": "Z02954722HI1BMCNI0JUI"
              },
              {
                "dns_name": "dkr-ecr.eu-central-1.on.aws",
                "hosted_zone_id": "Z08936121VLLJJ9EDTMFA"
              },
              {
                "dns_name": "*.dkr-ecr.eu-central-1.on.aws",
                "hosted_zone_id": "Z08936121VLLJJ9EDTMFA"
              }
            ],
            "dns_options": [
              {
                "dns_record_ip_type": "ipv4",
                "private_dns_only_for_inbound_resolver_endpoint": false
              }
            ],
            "id": "vpce-0e28efafc494bc1b7",
            "ip_address_type": "ipv4",
            "network_interface_ids": [
              "eni-00ecf7fd5fa8f0da9",
              "eni-0ee1993689078a601"
            ],
            "owner_id": "288761763515",
            "policy": "{\"Statement\":[{\"Action\":\"*\",\"Effect\":\"Allow\",\"Principal\":\"*\",\"Resource\":\"*\"}]}",
            "prefix_list_id": null,
            "private_dns_enabled": true,
            "requester_managed": false,
            "resource_configuration_arn": "",
            "route_table_ids": [],
            "security_group_ids": [
              "sg-064db00218ee4df6e"
            ],
            "service_name": "com.amazonaws.eu-central-1.ecr.dkr",
            "service_network_arn": "",
            "service_region": "eu-central-1",
            "state": "available",
            "subnet_configuration": [
              {
                "ipv4": "10.0.11.191",
                "ipv6": "",
                "subnet_id": "subnet-020c05c9ddb4354f9"
              },
              {
                "ipv4": "10.0.12.80",
                "ipv6": "",
                "subnet_id": "subnet-02e608ced5e035512"
              }
            ],
            "subnet_ids": [
              "subnet-020c05c9ddb4354f9",
              "subnet-02e608ced5e035512"
            ],
            "tags": {
              "Name": "cs3-nca-ecr-dkr-endpoint",
              "Project": "cs3-nca"
            },
            "tags_all": {
              "Name": "cs3-nca-ecr-dkr-endpoint",
              "Project": "cs3-nca"
            },
            "timeouts": null,
            "vpc_endpoint_type": "Interface",
            "vpc_id": "vpc-040596582b76660f4"
          },
          "sensitive_attributes": [],
          "identity_schema_version": 0,
          "private": "eyJlMmJmYjczMC1lY2FhLTExZTYtOGY4OC0zNDM2M2JjN2M0YzAiOnsiY3JlYXRlIjo2MDAwMDAwMDAwMDAsImRlbGV0ZSI6NjAwMDAwMDAwMDAwLCJ1cGRhdGUiOjYwMDAwMDAwMDAwMH19",
          "dependencies": [
            "aws_security_group.vpc_endpoints",
            "aws_subnet.private_a",
            "aws_subnet.private_b",
            "aws_vpc.main"
          ]
        }
      ]
    },
    {
      "mode": "managed",
      "type": "aws_vpc_endpoint",
      "name": "logs",
      "provider": "provider[\"registry.terraform.io/hashicorp/aws\"]",
      "instances": [
        {
          "schema_version": 0,
          "attributes": {
            "arn": "arn:aws:ec2:eu-central-1:288761763515:vpc-endpoint/vpce-045332f97737b2fce",
            "auto_accept": null,
            "cidr_blocks": [],
            "dns_entry": [
              {
                "dns_name": "vpce-045332f97737b2fce-vxfv2k8c.logs.eu-central-1.vpce.amazonaws.com",
                "hosted_zone_id": "Z273ZU8SZ5RJPC"
              },
              {
                "dns_name": "vpce-045332f97737b2fce-vxfv2k8c-eu-central-1b.logs.eu-central-1.vpce.amazonaws.com",
                "hosted_zone_id": "Z273ZU8SZ5RJPC"
              },
              {
                "dns_name": "vpce-045332f97737b2fce-vxfv2k8c-eu-central-1a.logs.eu-central-1.vpce.amazonaws.com",
                "hosted_zone_id": "Z273ZU8SZ5RJPC"
              },
              {
                "dns_name": "logs.eu-central-1.amazonaws.com",
                "hosted_zone_id": "Z02949431CNZSZ000ZZK0"
              },
              {
                "dns_name": "logs.eu-central-1.api.aws",
                "hosted_zone_id": "Z01692452X2IIWVH0GZEF"
              },
              {
                "dns_name": "streaming-logs.eu-central-1.amazonaws.com",
                "hosted_zone_id": "Z016868528TA5NE7NPG71"
              },
              {
                "dns_name": "streaming-logs.eu-central-1.api.aws",
                "hosted_zone_id": "Z08997311VXFW6VJ2WOBT"
              }
            ],
            "dns_options": [
              {
                "dns_record_ip_type": "ipv4",
                "private_dns_only_for_inbound_resolver_endpoint": false
              }
            ],
            "id": "vpce-045332f97737b2fce",
            "ip_address_type": "ipv4",
            "network_interface_ids": [
              "eni-01373e153107faeed",
              "eni-04800748ceed79505"
            ],
            "owner_id": "288761763515",
            "policy": "{\"Statement\":[{\"Action\":\"*\",\"Effect\":\"Allow\",\"Principal\":\"*\",\"Resource\":\"*\"}]}",
            "prefix_list_id": null,
            "private_dns_enabled": true,
            "requester_managed": false,
            "resource_configuration_arn": "",
            "route_table_ids": [],
            "security_group_ids": [
              "sg-064db00218ee4df6e"
            ],
            "service_name": "com.amazonaws.eu-central-1.logs",
            "service_network_arn": "",
            "service_region": "eu-central-1",
            "state": "available",
            "subnet_configuration": [
              {
                "ipv4": "10.0.11.118",
                "ipv6": "",
                "subnet_id": "subnet-020c05c9ddb4354f9"
              },
              {
                "ipv4": "10.0.12.63",
                "ipv6": "",
                "subnet_id": "subnet-02e608ced5e035512"
              }
            ],
            "subnet_ids": [
              "subnet-020c05c9ddb4354f9",
              "subnet-02e608ced5e035512"
            ],
            "tags": {
              "Name": "cs3-nca-logs-endpoint",
              "Project": "cs3-nca"
            },
            "tags_all": {
              "Name": "cs3-nca-logs-endpoint",
              "Project": "cs3-nca"
            },
            "timeouts": null,
            "vpc_endpoint_type": "Interface",
            "vpc_id": "vpc-040596582b76660f4"
          },
          "sensitive_attributes": [],
          "identity_schema_version": 0,
          "private": "eyJlMmJmYjczMC1lY2FhLTExZTYtOGY4OC0zNDM2M2JjN2M0YzAiOnsiY3JlYXRlIjo2MDAwMDAwMDAwMDAsImRlbGV0ZSI6NjAwMDAwMDAwMDAwLCJ1cGRhdGUiOjYwMDAwMDAwMDAwMH19",
          "dependencies": [
            "aws_security_group.vpc_endpoints",
            "aws_subnet.private_a",
            "aws_subnet.private_b",
            "aws_vpc.main"
          ]
        }
      ]
    },
    {
      "mode": "managed",
      "type": "aws_vpc_endpoint",
      "name": "s3",
      "provider": "provider[\"registry.terraform.io/hashicorp/aws\"]",
      "instances": [
        {
          "schema_version": 0,
          "attributes": {
            "arn": "arn:aws:ec2:eu-central-1:288761763515:vpc-endpoint/vpce-0aeb91bc09ee7113a",
            "auto_accept": null,
            "cidr_blocks": [
              "52.219.44.0/22",
              "52.219.208.0/22",
              "3.5.136.0/22",
              "52.219.218.0/24",
              "52.219.140.0/24",
              "16.12.32.0/22",
              "52.219.72.0/22",
              "16.15.20.0/22",
              "3.5.134.0/23",
              "16.12.24.0/21",
              "52.219.168.0/22"
            ],
            "dns_entry": [],
            "dns_options": [
              {
                "dns_record_ip_type": "service-defined",
                "private_dns_only_for_inbound_resolver_endpoint": false
              }
            ],
            "id": "vpce-0aeb91bc09ee7113a",
            "ip_address_type": "ipv4",
            "network_interface_ids": [],
            "owner_id": "288761763515",
            "policy": "{\"Statement\":[{\"Action\":\"*\",\"Effect\":\"Allow\",\"Principal\":\"*\",\"Resource\":\"*\"}],\"Version\":\"2008-10-17\"}",
            "prefix_list_id": "pl-6ea54007",
            "private_dns_enabled": false,
            "requester_managed": false,
            "resource_configuration_arn": "",
            "route_table_ids": [
              "rtb-06520aee88226fe9f"
            ],
            "security_group_ids": [],
            "service_name": "com.amazonaws.eu-central-1.s3",
            "service_network_arn": "",
            "service_region": "eu-central-1",
            "state": "available",
            "subnet_configuration": [],
            "subnet_ids": [],
            "tags": {
              "Name": "cs3-nca-s3-endpoint",
              "Project": "cs3-nca"
            },
            "tags_all": {
              "Name": "cs3-nca-s3-endpoint",
              "Project": "cs3-nca"
            },
            "timeouts": null,
            "vpc_endpoint_type": "Gateway",
            "vpc_id": "vpc-040596582b76660f4"
          },
          "sensitive_attributes": [],
          "identity_schema_version": 0,
          "private": "eyJlMmJmYjczMC1lY2FhLTExZTYtOGY4OC0zNDM2M2JjN2M0YzAiOnsiY3JlYXRlIjo2MDAwMDAwMDAwMDAsImRlbGV0ZSI6NjAwMDAwMDAwMDAwLCJ1cGRhdGUiOjYwMDAwMDAwMDAwMH19",
          "dependencies": [
            "aws_route_table.private",
            "aws_vpc.main"
          ]
        }
      ]
    },
    {
      "mode": "managed",
      "type": "aws_vpc_endpoint",
      "name": "sns",
      "provider": "provider[\"registry.terraform.io/hashicorp/aws\"]",
      "instances": [
        {
          "schema_version": 0,
          "attributes": {
            "arn": "arn:aws:ec2:eu-central-1:288761763515:vpc-endpoint/vpce-06a9bc454f09b8090",
            "auto_accept": null,
            "cidr_blocks": [],
            "dns_entry": [
              {
                "dns_name": "vpce-06a9bc454f09b8090-08s7ju97.sns.eu-central-1.vpce.amazonaws.com",
                "hosted_zone_id": "Z273ZU8SZ5RJPC"
              },
              {
                "dns_name": "vpce-06a9bc454f09b8090-08s7ju97-eu-central-1a.sns.eu-central-1.vpce.amazonaws.com",
                "hosted_zone_id": "Z273ZU8SZ5RJPC"
              },
              {
                "dns_name": "vpce-06a9bc454f09b8090-08s7ju97-eu-central-1b.sns.eu-central-1.vpce.amazonaws.com",
                "hosted_zone_id": "Z273ZU8SZ5RJPC"
              },
              {
                "dns_name": "sns.eu-central-1.amazonaws.com",
                "hosted_zone_id": "Z07273603DGKOE01B3Q5Z"
              },
              {
                "dns_name": "sns.eu-central-1.api.aws",
                "hosted_zone_id": "Z07255907KWHRJAKYR9D"
              }
            ],
            "dns_options": [
              {
                "dns_record_ip_type": "ipv4",
                "private_dns_only_for_inbound_resolver_endpoint": false
              }
            ],
            "id": "vpce-06a9bc454f09b8090",
            "ip_address_type": "ipv4",
            "network_interface_ids": [
              "eni-044a98f49b8743d7d",
              "eni-0d5544c07c8b2f93f"
            ],
            "owner_id": "288761763515",
            "policy": "{\"Statement\":[{\"Action\":\"*\",\"Effect\":\"Allow\",\"Principal\":\"*\",\"Resource\":\"*\"}]}",
            "prefix_list_id": null,
            "private_dns_enabled": true,
            "requester_managed": false,
            "resource_configuration_arn": "",
            "route_table_ids": [],
            "security_group_ids": [
              "sg-064db00218ee4df6e"
            ],
            "service_name": "com.amazonaws.eu-central-1.sns",
            "service_network_arn": "",
            "service_region": "eu-central-1",
            "state": "available",
            "subnet_configuration": [
              {
                "ipv4": "10.0.11.70",
                "ipv6": "",
                "subnet_id": "subnet-020c05c9ddb4354f9"
              },
              {
                "ipv4": "10.0.12.231",
                "ipv6": "",
                "subnet_id": "subnet-02e608ced5e035512"
              }
            ],
            "subnet_ids": [
              "subnet-020c05c9ddb4354f9",
              "subnet-02e608ced5e035512"
            ],
            "tags": {
              "Name": "cs3-nca-sns-endpoint",
              "Project": "cs3-nca"
            },
            "tags_all": {
              "Name": "cs3-nca-sns-endpoint",
              "Project": "cs3-nca"
            },
            "timeouts": null,
            "vpc_endpoint_type": "Interface",
            "vpc_id": "vpc-040596582b76660f4"
          },
          "sensitive_attributes": [],
          "identity_schema_version": 0,
          "private": "eyJlMmJmYjczMC1lY2FhLTExZTYtOGY4OC0zNDM2M2JjN2M0YzAiOnsiY3JlYXRlIjo2MDAwMDAwMDAwMDAsImRlbGV0ZSI6NjAwMDAwMDAwMDAwLCJ1cGRhdGUiOjYwMDAwMDAwMDAwMH19",
          "dependencies": [
            "aws_security_group.vpc_endpoints",
            "aws_subnet.private_a",
            "aws_subnet.private_b",
            "aws_vpc.main"
          ]
        }
      ]
    },
    {
      "mode": "managed",
      "type": "aws_vpc_endpoint",
      "name": "sqs",
      "provider": "provider[\"registry.terraform.io/hashicorp/aws\"]",
      "instances": [
        {
          "schema_version": 0,
          "attributes": {
            "arn": "arn:aws:ec2:eu-central-1:288761763515:vpc-endpoint/vpce-0e4246ad194765a4b",
            "auto_accept": null,
            "cidr_blocks": [],
            "dns_entry": [
              {
                "dns_name": "vpce-0e4246ad194765a4b-r5qdtk5k.sqs.eu-central-1.vpce.amazonaws.com",
                "hosted_zone_id": "Z273ZU8SZ5RJPC"
              },
              {
                "dns_name": "vpce-0e4246ad194765a4b-r5qdtk5k-eu-central-1a.sqs.eu-central-1.vpce.amazonaws.com",
                "hosted_zone_id": "Z273ZU8SZ5RJPC"
              },
              {
                "dns_name": "vpce-0e4246ad194765a4b-r5qdtk5k-eu-central-1b.sqs.eu-central-1.vpce.amazonaws.com",
                "hosted_zone_id": "Z273ZU8SZ5RJPC"
              },
              {
                "dns_name": "sqs.eu-central-1.amazonaws.com",
                "hosted_zone_id": "Z029543938UBLF9KF9PBJ"
              },
              {
                "dns_name": "sqs.eu-central-1.api.aws",
                "hosted_zone_id": "Z07269682MXCQRD95UXON"
              }
            ],
            "dns_options": [
              {
                "dns_record_ip_type": "ipv4",
                "private_dns_only_for_inbound_resolver_endpoint": false
              }
            ],
            "id": "vpce-0e4246ad194765a4b",
            "ip_address_type": "ipv4",
            "network_interface_ids": [
              "eni-0c1a68b35411c265f",
              "eni-0ec133e5deda7bb48"
            ],
            "owner_id": "288761763515",
            "policy": "{\"Statement\":[{\"Action\":\"*\",\"Effect\":\"Allow\",\"Principal\":\"*\",\"Resource\":\"*\"}]}",
            "prefix_list_id": null,
            "private_dns_enabled": true,
            "requester_managed": false,
            "resource_configuration_arn": "",
            "route_table_ids": [],
            "security_group_ids": [
              "sg-064db00218ee4df6e"
            ],
            "service_name": "com.amazonaws.eu-central-1.sqs",
            "service_network_arn": "",
            "service_region": "eu-central-1",
            "state": "available",
            "subnet_configuration": [
              {
                "ipv4": "10.0.11.165",
                "ipv6": "",
                "subnet_id": "subnet-020c05c9ddb4354f9"
              },
              {
                "ipv4": "10.0.12.200",
                "ipv6": "",
                "subnet_id": "subnet-02e608ced5e035512"
              }
            ],
            "subnet_ids": [
              "subnet-020c05c9ddb4354f9",
              "subnet-02e608ced5e035512"
            ],
            "tags": {
              "Name": "cs3-nca-sqs-endpoint",
              "Project": "cs3-nca"
            },
            "tags_all": {
              "Name": "cs3-nca-sqs-endpoint",
              "Project": "cs3-nca"
            },
            "timeouts": null,
            "vpc_endpoint_type": "Interface",
            "vpc_id": "vpc-040596582b76660f4"
          },
          "sensitive_attributes": [],
          "identity_schema_version": 0,
          "private": "eyJlMmJmYjczMC1lY2FhLTExZTYtOGY4OC0zNDM2M2JjN2M0YzAiOnsiY3JlYXRlIjo2MDAwMDAwMDAwMDAsImRlbGV0ZSI6NjAwMDAwMDAwMDAwLCJ1cGRhdGUiOjYwMDAwMDAwMDAwMH19",
          "dependencies": [
            "aws_security_group.vpc_endpoints",
            "aws_subnet.private_a",
            "aws_subnet.private_b",
            "aws_vpc.main"
          ]
        }
      ]
    },
    {
      "mode": "managed",
      "type": "aws_vpc_endpoint",
      "name": "ssm",
      "provider": "provider[\"registry.terraform.io/hashicorp/aws\"]",
      "instances": [
        {
          "schema_version": 0,
          "attributes": {
            "arn": "arn:aws:ec2:eu-central-1:288761763515:vpc-endpoint/vpce-0f17af8cac43ac864",
            "auto_accept": null,
            "cidr_blocks": [],
            "dns_entry": [
              {
                "dns_name": "vpce-0f17af8cac43ac864-uph6r0fv.ssm.eu-central-1.vpce.amazonaws.com",
                "hosted_zone_id": "Z273ZU8SZ5RJPC"
              },
              {
                "dns_name": "vpce-0f17af8cac43ac864-uph6r0fv-eu-central-1a.ssm.eu-central-1.vpce.amazonaws.com",
                "hosted_zone_id": "Z273ZU8SZ5RJPC"
              },
              {
                "dns_name": "vpce-0f17af8cac43ac864-uph6r0fv-eu-central-1b.ssm.eu-central-1.vpce.amazonaws.com",
                "hosted_zone_id": "Z273ZU8SZ5RJPC"
              },
              {
                "dns_name": "ssm.eu-central-1.amazonaws.com",
                "hosted_zone_id": "Z01088593R0YWW339R9Q5"
              },
              {
                "dns_name": "ssm.eu-central-1.api.aws",
                "hosted_zone_id": "Z010885830RGVZN3ND934"
              }
            ],
            "dns_options": [
              {
                "dns_record_ip_type": "ipv4",
                "private_dns_only_for_inbound_resolver_endpoint": false
              }
            ],
            "id": "vpce-0f17af8cac43ac864",
            "ip_address_type": "ipv4",
            "network_interface_ids": [
              "eni-08adbe38318d35ba1",
              "eni-0ecd1533e48a4197f"
            ],
            "owner_id": "288761763515",
            "policy": "{\"Statement\":[{\"Action\":\"*\",\"Effect\":\"Allow\",\"Principal\":\"*\",\"Resource\":\"*\"}]}",
            "prefix_list_id": null,
            "private_dns_enabled": true,
            "requester_managed": false,
            "resource_configuration_arn": "",
            "route_table_ids": [],
            "security_group_ids": [
              "sg-064db00218ee4df6e"
            ],
            "service_name": "com.amazonaws.eu-central-1.ssm",
            "service_network_arn": "",
            "service_region": "eu-central-1",
            "state": "available",
            "subnet_configuration": [
              {
                "ipv4": "10.0.11.208",
                "ipv6": "",
                "subnet_id": "subnet-020c05c9ddb4354f9"
              },
              {
                "ipv4": "10.0.12.123",
                "ipv6": "",
                "subnet_id": "subnet-02e608ced5e035512"
              }
            ],
            "subnet_ids": [
              "subnet-020c05c9ddb4354f9",
              "subnet-02e608ced5e035512"
            ],
            "tags": {
              "Name": "cs3-nca-ssm-endpoint",
              "Project": "cs3-nca"
            },
            "tags_all": {
              "Name": "cs3-nca-ssm-endpoint",
              "Project": "cs3-nca"
            },
            "timeouts": null,
            "vpc_endpoint_type": "Interface",
            "vpc_id": "vpc-040596582b76660f4"
          },
          "sensitive_attributes": [],
          "identity_schema_version": 0,
          "private": "eyJlMmJmYjczMC1lY2FhLTExZTYtOGY4OC0zNDM2M2JjN2M0YzAiOnsiY3JlYXRlIjo2MDAwMDAwMDAwMDAsImRlbGV0ZSI6NjAwMDAwMDAwMDAwLCJ1cGRhdGUiOjYwMDAwMDAwMDAwMH19",
          "dependencies": [
            "aws_security_group.vpc_endpoints",
            "aws_subnet.private_a",
            "aws_subnet.private_b",
            "aws_vpc.main"
          ]
        }
      ]
    },
    {
      "mode": "managed",
      "type": "aws_vpc_endpoint",
      "name": "ssmmessages",
      "provider": "provider[\"registry.terraform.io/hashicorp/aws\"]",
      "instances": [
        {
          "schema_version": 0,
          "attributes": {
            "arn": "arn:aws:ec2:eu-central-1:288761763515:vpc-endpoint/vpce-0dbf5fcd16ee396a1",
            "auto_accept": null,
            "cidr_blocks": [],
            "dns_entry": [
              {
                "dns_name": "vpce-0dbf5fcd16ee396a1-dl8bxdg0.ssmmessages.eu-central-1.vpce.amazonaws.com",
                "hosted_zone_id": "Z273ZU8SZ5RJPC"
              },
              {
                "dns_name": "vpce-0dbf5fcd16ee396a1-dl8bxdg0-eu-central-1a.ssmmessages.eu-central-1.vpce.amazonaws.com",
                "hosted_zone_id": "Z273ZU8SZ5RJPC"
              },
              {
                "dns_name": "vpce-0dbf5fcd16ee396a1-dl8bxdg0-eu-central-1b.ssmmessages.eu-central-1.vpce.amazonaws.com",
                "hosted_zone_id": "Z273ZU8SZ5RJPC"
              },
              {
                "dns_name": "ssmmessages.eu-central-1.amazonaws.com",
                "hosted_zone_id": "Z060860638Q2W2WPY2CSQ"
              },
              {
                "dns_name": "ssmmessages.eu-central-1.api.aws",
                "hosted_zone_id": "Z01083641NW3728EFIT9N"
              }
            ],
            "dns_options": [
              {
                "dns_record_ip_type": "ipv4",
                "private_dns_only_for_inbound_resolver_endpoint": false
              }
            ],
            "id": "vpce-0dbf5fcd16ee396a1",
            "ip_address_type": "ipv4",
            "network_interface_ids": [
              "eni-0c983301a4e2bc486",
              "eni-0eeae42e496acb50c"
            ],
            "owner_id": "288761763515",
            "policy": "{\"Statement\":[{\"Action\":\"*\",\"Effect\":\"Allow\",\"Principal\":\"*\",\"Resource\":\"*\"}]}",
            "prefix_list_id": null,
            "private_dns_enabled": true,
            "requester_managed": false,
            "resource_configuration_arn": "",
            "route_table_ids": [],
            "security_group_ids": [
              "sg-064db00218ee4df6e"
            ],
            "service_name": "com.amazonaws.eu-central-1.ssmmessages",
            "service_network_arn": "",
            "service_region": "eu-central-1",
            "state": "available",
            "subnet_configuration": [
              {
                "ipv4": "10.0.11.21",
                "ipv6": "",
                "subnet_id": "subnet-020c05c9ddb4354f9"
              },
              {
                "ipv4": "10.0.12.24",
                "ipv6": "",
                "subnet_id": "subnet-02e608ced5e035512"
              }
            ],
            "subnet_ids": [
              "subnet-020c05c9ddb4354f9",
              "subnet-02e608ced5e035512"
            ],
            "tags": {
              "Name": "cs3-nca-ssmmessages-endpoint",
              "Project": "cs3-nca"
            },
            "tags_all": {
              "Name": "cs3-nca-ssmmessages-endpoint",
              "Project": "cs3-nca"
            },
            "timeouts": null,
            "vpc_endpoint_type": "Interface",
            "vpc_id": "vpc-040596582b76660f4"
          },
          "sensitive_attributes": [],
          "identity_schema_version": 0,
          "private": "eyJlMmJmYjczMC1lY2FhLTExZTYtOGY4OC0zNDM2M2JjN2M0YzAiOnsiY3JlYXRlIjo2MDAwMDAwMDAwMDAsImRlbGV0ZSI6NjAwMDAwMDAwMDAwLCJ1cGRhdGUiOjYwMDAwMDAwMDAwMH19",
          "dependencies": [
            "aws_security_group.vpc_endpoints",
            "aws_subnet.private_a",
            "aws_subnet.private_b",
            "aws_vpc.main"
          ]
        }
      ]
    },
    {
      "mode": "managed",
      "type": "aws_vpc_endpoint",
      "name": "sts",
      "provider": "provider[\"registry.terraform.io/hashicorp/aws\"]",
      "instances": [
        {
          "schema_version": 0,
          "attributes": {
            "arn": "arn:aws:ec2:eu-central-1:288761763515:vpc-endpoint/vpce-04b73c4d8c06f646a",
            "auto_accept": null,
            "cidr_blocks": [],
            "dns_entry": [
              {
                "dns_name": "vpce-04b73c4d8c06f646a-zvm06rv5.sts.eu-central-1.vpce.amazonaws.com",
                "hosted_zone_id": "Z273ZU8SZ5RJPC"
              },
              {
                "dns_name": "vpce-04b73c4d8c06f646a-zvm06rv5-eu-central-1b.sts.eu-central-1.vpce.amazonaws.com",
                "hosted_zone_id": "Z273ZU8SZ5RJPC"
              },
              {
                "dns_name": "vpce-04b73c4d8c06f646a-zvm06rv5-eu-central-1a.sts.eu-central-1.vpce.amazonaws.com",
                "hosted_zone_id": "Z273ZU8SZ5RJPC"
              },
              {
                "dns_name": "sts.eu-central-1.amazonaws.com",
                "hosted_zone_id": "Z016847136IA8F7OMU27A"
              },
              {
                "dns_name": "sts.eu-central-1.api.aws",
                "hosted_zone_id": "Z09008962R8D6YXKT7PAC"
              }
            ],
            "dns_options": [
              {
                "dns_record_ip_type": "ipv4",
                "private_dns_only_for_inbound_resolver_endpoint": false
              }
            ],
            "id": "vpce-04b73c4d8c06f646a",
            "ip_address_type": "ipv4",
            "network_interface_ids": [
              "eni-00934b4766f5a8d04",
              "eni-0f3f53e37e098ceba"
            ],
            "owner_id": "288761763515",
            "policy": "{\"Statement\":[{\"Action\":\"*\",\"Effect\":\"Allow\",\"Principal\":\"*\",\"Resource\":\"*\"}]}",
            "prefix_list_id": null,
            "private_dns_enabled": true,
            "requester_managed": false,
            "resource_configuration_arn": "",
            "route_table_ids": [],
            "security_group_ids": [
              "sg-064db00218ee4df6e"
            ],
            "service_name": "com.amazonaws.eu-central-1.sts",
            "service_network_arn": "",
            "service_region": "eu-central-1",
            "state": "available",
            "subnet_configuration": [
              {
                "ipv4": "10.0.11.120",
                "ipv6": "",
                "subnet_id": "subnet-020c05c9ddb4354f9"
              },
              {
                "ipv4": "10.0.12.241",
                "ipv6": "",
                "subnet_id": "subnet-02e608ced5e035512"
              }
            ],
            "subnet_ids": [
              "subnet-020c05c9ddb4354f9",
              "subnet-02e608ced5e035512"
            ],
            "tags": {
              "Name": "cs3-nca-sts-endpoint",
              "Project": "cs3-nca"
            },
            "tags_all": {
              "Name": "cs3-nca-sts-endpoint",
              "Project": "cs3-nca"
            },
            "timeouts": null,
            "vpc_endpoint_type": "Interface",
            "vpc_id": "vpc-040596582b76660f4"
          },
          "sensitive_attributes": [],
          "identity_schema_version": 0,
          "private": "eyJlMmJmYjczMC1lY2FhLTExZTYtOGY4OC0zNDM2M2JjN2M0YzAiOnsiY3JlYXRlIjo2MDAwMDAwMDAwMDAsImRlbGV0ZSI6NjAwMDAwMDAwMDAwLCJ1cGRhdGUiOjYwMDAwMDAwMDAwMH19",
          "dependencies": [
            "aws_security_group.vpc_endpoints",
            "aws_subnet.private_a",
            "aws_subnet.private_b",
            "aws_vpc.main"
          ]
        }
      ]
    },
    {
      "mode": "managed",
      "type": "aws_workspaces_directory",
      "name": "ws_dir",
      "provider": "provider[\"registry.terraform.io/hashicorp/aws\"]",
      "instances": [
        {
          "schema_version": 0,
          "attributes": {
            "active_directory_config": [],
            "alias": "d-99674198e9",
            "certificate_based_auth_properties": [
              {
                "certificate_authority_arn": "",
                "status": "DISABLED"
              }
            ],
            "customer_user_name": null,
            "directory_id": "d-99674198e9",
            "directory_name": "org.innovatech.com",
            "directory_type": "MicrosoftAD",
            "dns_ip_addresses": [
              "10.0.11.229",
              "10.0.12.23"
            ],
            "iam_role_id": "arn:aws:iam::288761763515:role/workspaces_DefaultRole",
            "id": "d-99674198e9",
            "ip_group_ids": [],
            "registration_code": "wsfra+CRAD8K",
            "saml_properties": [
              {
                "relay_state_parameter_name": "RelayState",
                "status": "DISABLED",
                "user_access_url": ""
              }
            ],
            "self_service_permissions": [
              {
                "change_compute_type": false,
                "increase_volume_size": false,
                "rebuild_workspace": false,
                "restart_workspace": true,
                "switch_running_mode": false
              }
            ],
            "subnet_ids": [
              "subnet-020c05c9ddb4354f9",
              "subnet-02e608ced5e035512"
            ],
            "tags": null,
            "tags_all": {},
            "user_identity_type": "AWS_DIRECTORY_SERVICE",
            "workspace_access_properties": [
              {
                "device_type_android": "ALLOW",
                "device_type_chromeos": "ALLOW",
                "device_type_ios": "ALLOW",
                "device_type_linux": "ALLOW",
                "device_type_osx": "ALLOW",
                "device_type_web": "DENY",
                "device_type_windows": "ALLOW",
                "device_type_zeroclient": "ALLOW"
              }
            ],
            "workspace_creation_properties": [
              {
                "custom_security_group_id": "",
                "default_ou": "",
                "enable_internet_access": false,
                "enable_maintenance_mode": true,
                "user_enabled_as_local_administrator": true
              }
            ],
            "workspace_directory_description": "",
            "workspace_directory_name": "",
            "workspace_security_group_id": "sg-05ec3e7b4d80512f4",
            "workspace_type": "PERSONAL"
          },
          "sensitive_attributes": [],
          "identity_schema_version": 0,
          "private": "bnVsbA==",
          "dependencies": [
            "aws_directory_service_directory.ws_microsoft_ad",
            "aws_iam_role.workspaces_default",
            "aws_iam_role_policy_attachment.workspaces_self_service_access",
            "aws_iam_role_policy_attachment.workspaces_service_access",
            "aws_subnet.private_a",
            "aws_subnet.private_b",
            "aws_vpc.main",
            "data.aws_iam_policy_document.workspaces_assume"
          ]
        }
      ]
    }
  ],
  "check_results": null
}
